Microsoft Visual Studio Solution File, Format Version 12.00
# Visual Studio 14
Project("{8BC9CEB8-8B4A-11D0-8D11-00A0C91BC942}") = "ALL_BUILD", "ALL_BUILD.vcxproj", "{C9728AD0-2898-326E-B212-47A5A4662564}"
	ProjectSection(ProjectDependencies) = postProject
		{03F73153-7CE1-3A40-B58C-3A5CEE46859E} = {03F73153-7CE1-3A40-B58C-3A5CEE46859E}
		{3FE61A9A-F614-30A4-B38B-2A67464DF708} = {3FE61A9A-F614-30A4-B38B-2A67464DF708}
		{8827D672-A30B-3980-B4CD-9961D809802D} = {8827D672-A30B-3980-B4CD-9961D809802D}
		{09A55AD6-F421-3D66-B056-037D7729DBC6} = {09A55AD6-F421-3D66-B056-037D7729DBC6}
		{29206B9B-1EEB-3BBC-89F5-44D084957E07} = {29206B9B-1EEB-3BBC-89F5-44D084957E07}
		{95E966DD-D96C-38A4-8E68-0D381FD37954} = {95E966DD-D96C-38A4-8E68-0D381FD37954}
		{07285361-2575-3FE4-BD76-9EB1BF7AA267} = {07285361-2575-3FE4-BD76-9EB1BF7AA267}
		{7659B5B1-46C3-337F-951E-A66C7E0E1151} = {7659B5B1-46C3-337F-951E-A66C7E0E1151}
		{D70C9B5A-988A-3C71-A04E-3A74B7A9BA08} = {D70C9B5A-988A-3C71-A04E-3A74B7A9BA08}
		{C671E7A6-81D5-3E50-8073-C60C04645150} = {C671E7A6-81D5-3E50-8073-C60C04645150}
		{363991DF-E59A-3013-AA1A-2141E1DCECE6} = {363991DF-E59A-3013-AA1A-2141E1DCECE6}
		{0A5F5D5C-ACD3-3AFE-AE01-835E229EF89C} = {0A5F5D5C-ACD3-3AFE-AE01-835E229EF89C}
		{45DB806F-F913-300F-A9CF-BA54FAE0294A} = {45DB806F-F913-300F-A9CF-BA54FAE0294A}
		{F6EB5363-F3D7-3591-A546-096A1C580AEA} = {F6EB5363-F3D7-3591-A546-096A1C580AEA}
		{DF47E8B3-FFB4-3DCB-A01F-56A70369C643} = {DF47E8B3-FFB4-3DCB-A01F-56A70369C643}
		{268CF5AC-7B94-34A6-8E00-19EF81F02172} = {268CF5AC-7B94-34A6-8E00-19EF81F02172}
		{EF35F2B6-BB57-36A3-BE13-D42B8BDF73BA} = {EF35F2B6-BB57-36A3-BE13-D42B8BDF73BA}
		{15115820-08EB-3615-90CB-06AE184AB6FB} = {15115820-08EB-3615-90CB-06AE184AB6FB}
		{BD6D7686-9CEE-315C-9812-EBB32A1342EF} = {BD6D7686-9CEE-315C-9812-EBB32A1342EF}
		{AE2AC7E8-AF09-3BEF-9FE6-982354E6B012} = {AE2AC7E8-AF09-3BEF-9FE6-982354E6B012}
		{0104F0F0-4DBE-3F52-AE02-C8F60DD51BC8} = {0104F0F0-4DBE-3F52-AE02-C8F60DD51BC8}
		{7DBDFFDF-819D-3DE9-8B84-94E78F73A09E} = {7DBDFFDF-819D-3DE9-8B84-94E78F73A09E}
		{2A1070FA-9A5C-38B3-AA3D-FF9EC8D6657D} = {2A1070FA-9A5C-38B3-AA3D-FF9EC8D6657D}
		{AEAEAF93-D9A9-351A-9C05-66C04BBFFFB0} = {AEAEAF93-D9A9-351A-9C05-66C04BBFFFB0}
		{8DAEB659-A75E-3614-93B5-589E16136C29} = {8DAEB659-A75E-3614-93B5-589E16136C29}
		{673F8ED4-5AA6-39EC-8F69-469B74B32A9C} = {673F8ED4-5AA6-39EC-8F69-469B74B32A9C}
		{F7D4AD97-A2C5-377B-926D-41412EE2926C} = {F7D4AD97-A2C5-377B-926D-41412EE2926C}
		{8E59168B-A2BB-3D43-95E3-A2F903051A75} = {8E59168B-A2BB-3D43-95E3-A2F903051A75}
		{08A860F6-BFE0-337D-A445-2263BE4C0E83} = {08A860F6-BFE0-337D-A445-2263BE4C0E83}
		{F4B2D23A-4B17-3CB4-B8D1-5460FF57B992} = {F4B2D23A-4B17-3CB4-B8D1-5460FF57B992}
		{5C4CEA8B-4B31-3DDB-B3DA-79BE09F04E4C} = {5C4CEA8B-4B31-3DDB-B3DA-79BE09F04E4C}
		{BD7C51D5-C86E-3DD1-AD03-8EEC2294CCDD} = {BD7C51D5-C86E-3DD1-AD03-8EEC2294CCDD}
		{F5ABF01B-C8AF-361F-BDFF-6F741EAE467E} = {F5ABF01B-C8AF-361F-BDFF-6F741EAE467E}
		{4E85FA95-F28A-334A-BCCC-A4D5075BFBA5} = {4E85FA95-F28A-334A-BCCC-A4D5075BFBA5}
		{53BF1F00-0413-34AB-8E46-D37A42507234} = {53BF1F00-0413-34AB-8E46-D37A42507234}
		{D5ADC4D4-0F1F-3B74-A295-62DC6AD0450F} = {D5ADC4D4-0F1F-3B74-A295-62DC6AD0450F}
		{815EDE56-2B39-3A07-ACF1-160FC94DC55E} = {815EDE56-2B39-3A07-ACF1-160FC94DC55E}
		{6E8C8F91-1CD3-33DD-914A-6BBC3ED18C51} = {6E8C8F91-1CD3-33DD-914A-6BBC3ED18C51}
		{CECD3922-4422-3CD6-9E60-6F6559F0D9B0} = {CECD3922-4422-3CD6-9E60-6F6559F0D9B0}
		{BAD7B79E-30DB-34C6-AF55-F6434A822782} = {BAD7B79E-30DB-34C6-AF55-F6434A822782}
		{84D90FC2-E6B9-38C5-8A04-89CE0348961D} = {84D90FC2-E6B9-38C5-8A04-89CE0348961D}
		{2C401521-5C22-3550-B1B3-A673E0F07F13} = {2C401521-5C22-3550-B1B3-A673E0F07F13}
		{9C24AEAB-6B70-3926-9F2E-17C25FBDF77E} = {9C24AEAB-6B70-3926-9F2E-17C25FBDF77E}
		{6C6328FD-8BB9-3CED-B3D2-835529547DAA} = {6C6328FD-8BB9-3CED-B3D2-835529547DAA}
		{8386E3AB-4087-3BB3-A6DF-FEA31C9EE5A7} = {8386E3AB-4087-3BB3-A6DF-FEA31C9EE5A7}
		{E7FA7A37-0D90-3152-948A-65FAC6C9B37B} = {E7FA7A37-0D90-3152-948A-65FAC6C9B37B}
		{A6186539-9B56-332F-BCFF-E8B5D37B8540} = {A6186539-9B56-332F-BCFF-E8B5D37B8540}
		{80E40DE8-7803-3AEF-87C6-C384C43FDD25} = {80E40DE8-7803-3AEF-87C6-C384C43FDD25}
		{13A0308E-15B9-3DB1-8053-DDB045CB5888} = {13A0308E-15B9-3DB1-8053-DDB045CB5888}
		{6C01ADBD-14D6-350A-AE97-39A2FF3C803F} = {6C01ADBD-14D6-350A-AE97-39A2FF3C803F}
		{AFEDF1C8-BD4B-3C51-B00C-A419EE401310} = {AFEDF1C8-BD4B-3C51-B00C-A419EE401310}
		{5100218B-5B87-3C59-A083-6F27E2AF9644} = {5100218B-5B87-3C59-A083-6F27E2AF9644}
		{023488CE-93F4-38B4-9055-61B8DE6544EB} = {023488CE-93F4-38B4-9055-61B8DE6544EB}
		{7D45E879-9670-388E-905A-D22B20497241} = {7D45E879-9670-388E-905A-D22B20497241}
		{B88E7904-C58E-308F-9C49-3F63BC8F2558} = {B88E7904-C58E-308F-9C49-3F63BC8F2558}
		{C835BCA9-4AEB-3758-A60F-EC5E4EC1CB6C} = {C835BCA9-4AEB-3758-A60F-EC5E4EC1CB6C}
		{00526CA0-51B7-352B-82B0-17F1F6491BD7} = {00526CA0-51B7-352B-82B0-17F1F6491BD7}
		{FF44E41A-5E99-3118-92E6-4ADFB754EE98} = {FF44E41A-5E99-3118-92E6-4ADFB754EE98}
		{ACBAE794-984C-3AD2-9DEF-8DCD39D3B0AE} = {ACBAE794-984C-3AD2-9DEF-8DCD39D3B0AE}
	EndProjectSection
EndProject
Project("{8BC9CEB8-8B4A-11D0-8D11-00A0C91BC942}") = "INSTALL", "INSTALL.vcxproj", "{0D851DB8-1DD3-3A88-AA33-FF5954C34E88}"
	ProjectSection(ProjectDependencies) = postProject
		{C9728AD0-2898-326E-B212-47A5A4662564} = {C9728AD0-2898-326E-B212-47A5A4662564}
		{03F73153-7CE1-3A40-B58C-3A5CEE46859E} = {03F73153-7CE1-3A40-B58C-3A5CEE46859E}
	EndProjectSection
EndProject
Project("{8BC9CEB8-8B4A-11D0-8D11-00A0C91BC942}") = "RUN_TESTS", "RUN_TESTS.vcxproj", "{E86BD9F6-00B5-3D7B-86CC-0045F205ED9E}"
	ProjectSection(ProjectDependencies) = postProject
		{03F73153-7CE1-3A40-B58C-3A5CEE46859E} = {03F73153-7CE1-3A40-B58C-3A5CEE46859E}
	EndProjectSection
EndProject
Project("{8BC9CEB8-8B4A-11D0-8D11-00A0C91BC942}") = "ZERO_CHECK", "..\..\\ZERO_CHECK.vcxproj", "{03F73153-7CE1-3A40-B58C-3A5CEE46859E}"
	ProjectSection(ProjectDependencies) = postProject
	EndProjectSection
EndProject
Project("{8BC9CEB8-8B4A-11D0-8D11-00A0C91BC942}") = "googletest-break-on-failure-unittest_", "googletest-break-on-failure-unittest_.vcxproj", "{3FE61A9A-F614-30A4-B38B-2A67464DF708}"
	ProjectSection(ProjectDependencies) = postProject
		{03F73153-7CE1-3A40-B58C-3A5CEE46859E} = {03F73153-7CE1-3A40-B58C-3A5CEE46859E}
		{2A1070FA-9A5C-38B3-AA3D-FF9EC8D6657D} = {2A1070FA-9A5C-38B3-AA3D-FF9EC8D6657D}
	EndProjectSection
EndProject
Project("{8BC9CEB8-8B4A-11D0-8D11-00A0C91BC942}") = "googletest-catch-exceptions-ex-test_", "googletest-catch-exceptions-ex-test_.vcxproj", "{8827D672-A30B-3980-B4CD-9961D809802D}"
	ProjectSection(ProjectDependencies) = postProject
		{03F73153-7CE1-3A40-B58C-3A5CEE46859E} = {03F73153-7CE1-3A40-B58C-3A5CEE46859E}
		{2A1070FA-9A5C-38B3-AA3D-FF9EC8D6657D} = {2A1070FA-9A5C-38B3-AA3D-FF9EC8D6657D}
		{BD7C51D5-C86E-3DD1-AD03-8EEC2294CCDD} = {BD7C51D5-C86E-3DD1-AD03-8EEC2294CCDD}
	EndProjectSection
EndProject
Project("{8BC9CEB8-8B4A-11D0-8D11-00A0C91BC942}") = "googletest-catch-exceptions-no-ex-test_", "googletest-catch-exceptions-no-ex-test_.vcxproj", "{09A55AD6-F421-3D66-B056-037D7729DBC6}"
	ProjectSection(ProjectDependencies) = postProject
		{03F73153-7CE1-3A40-B58C-3A5CEE46859E} = {03F73153-7CE1-3A40-B58C-3A5CEE46859E}
		{F5ABF01B-C8AF-361F-BDFF-6F741EAE467E} = {F5ABF01B-C8AF-361F-BDFF-6F741EAE467E}
	EndProjectSection
EndProject
Project("{8BC9CEB8-8B4A-11D0-8D11-00A0C91BC942}") = "googletest-color-test_", "googletest-color-test_.vcxproj", "{29206B9B-1EEB-3BBC-89F5-44D084957E07}"
	ProjectSection(ProjectDependencies) = postProject
		{03F73153-7CE1-3A40-B58C-3A5CEE46859E} = {03F73153-7CE1-3A40-B58C-3A5CEE46859E}
		{2A1070FA-9A5C-38B3-AA3D-FF9EC8D6657D} = {2A1070FA-9A5C-38B3-AA3D-FF9EC8D6657D}
	EndProjectSection
EndProject
Project("{8BC9CEB8-8B4A-11D0-8D11-00A0C91BC942}") = "googletest-death-test-test", "googletest-death-test-test.vcxproj", "{95E966DD-D96C-38A4-8E68-0D381FD37954}"
	ProjectSection(ProjectDependencies) = postProject
		{03F73153-7CE1-3A40-B58C-3A5CEE46859E} = {03F73153-7CE1-3A40-B58C-3A5CEE46859E}
		{2A1070FA-9A5C-38B3-AA3D-FF9EC8D6657D} = {2A1070FA-9A5C-38B3-AA3D-FF9EC8D6657D}
		{BD7C51D5-C86E-3DD1-AD03-8EEC2294CCDD} = {BD7C51D5-C86E-3DD1-AD03-8EEC2294CCDD}
	EndProjectSection
EndProject
Project("{8BC9CEB8-8B4A-11D0-8D11-00A0C91BC942}") = "googletest-env-var-test_", "googletest-env-var-test_.vcxproj", "{07285361-2575-3FE4-BD76-9EB1BF7AA267}"
	ProjectSection(ProjectDependencies) = postProject
		{03F73153-7CE1-3A40-B58C-3A5CEE46859E} = {03F73153-7CE1-3A40-B58C-3A5CEE46859E}
		{2A1070FA-9A5C-38B3-AA3D-FF9EC8D6657D} = {2A1070FA-9A5C-38B3-AA3D-FF9EC8D6657D}
	EndProjectSection
EndProject
Project("{8BC9CEB8-8B4A-11D0-8D11-00A0C91BC942}") = "googletest-filepath-test", "googletest-filepath-test.vcxproj", "{7659B5B1-46C3-337F-951E-A66C7E0E1151}"
	ProjectSection(ProjectDependencies) = postProject
		{03F73153-7CE1-3A40-B58C-3A5CEE46859E} = {03F73153-7CE1-3A40-B58C-3A5CEE46859E}
		{2A1070FA-9A5C-38B3-AA3D-FF9EC8D6657D} = {2A1070FA-9A5C-38B3-AA3D-FF9EC8D6657D}
		{BD7C51D5-C86E-3DD1-AD03-8EEC2294CCDD} = {BD7C51D5-C86E-3DD1-AD03-8EEC2294CCDD}
	EndProjectSection
EndProject
Project("{8BC9CEB8-8B4A-11D0-8D11-00A0C91BC942}") = "googletest-filter-unittest_", "googletest-filter-unittest_.vcxproj", "{D70C9B5A-988A-3C71-A04E-3A74B7A9BA08}"
	ProjectSection(ProjectDependencies) = postProject
		{03F73153-7CE1-3A40-B58C-3A5CEE46859E} = {03F73153-7CE1-3A40-B58C-3A5CEE46859E}
		{2A1070FA-9A5C-38B3-AA3D-FF9EC8D6657D} = {2A1070FA-9A5C-38B3-AA3D-FF9EC8D6657D}
	EndProjectSection
EndProject
Project("{8BC9CEB8-8B4A-11D0-8D11-00A0C91BC942}") = "googletest-linked-ptr-test", "googletest-linked-ptr-test.vcxproj", "{C671E7A6-81D5-3E50-8073-C60C04645150}"
	ProjectSection(ProjectDependencies) = postProject
		{03F73153-7CE1-3A40-B58C-3A5CEE46859E} = {03F73153-7CE1-3A40-B58C-3A5CEE46859E}
		{2A1070FA-9A5C-38B3-AA3D-FF9EC8D6657D} = {2A1070FA-9A5C-38B3-AA3D-FF9EC8D6657D}
		{BD7C51D5-C86E-3DD1-AD03-8EEC2294CCDD} = {BD7C51D5-C86E-3DD1-AD03-8EEC2294CCDD}
	EndProjectSection
EndProject
Project("{8BC9CEB8-8B4A-11D0-8D11-00A0C91BC942}") = "googletest-list-tests-unittest_", "googletest-list-tests-unittest_.vcxproj", "{363991DF-E59A-3013-AA1A-2141E1DCECE6}"
	ProjectSection(ProjectDependencies) = postProject
		{03F73153-7CE1-3A40-B58C-3A5CEE46859E} = {03F73153-7CE1-3A40-B58C-3A5CEE46859E}
		{2A1070FA-9A5C-38B3-AA3D-FF9EC8D6657D} = {2A1070FA-9A5C-38B3-AA3D-FF9EC8D6657D}
	EndProjectSection
EndProject
Project("{8BC9CEB8-8B4A-11D0-8D11-00A0C91BC942}") = "googletest-listener-test", "googletest-listener-test.vcxproj", "{0A5F5D5C-ACD3-3AFE-AE01-835E229EF89C}"
	ProjectSection(ProjectDependencies) = postProject
		{03F73153-7CE1-3A40-B58C-3A5CEE46859E} = {03F73153-7CE1-3A40-B58C-3A5CEE46859E}
		{2A1070FA-9A5C-38B3-AA3D-FF9EC8D6657D} = {2A1070FA-9A5C-38B3-AA3D-FF9EC8D6657D}
		{BD7C51D5-C86E-3DD1-AD03-8EEC2294CCDD} = {BD7C51D5-C86E-3DD1-AD03-8EEC2294CCDD}
	EndProjectSection
EndProject
Project("{8BC9CEB8-8B4A-11D0-8D11-00A0C91BC942}") = "googletest-message-test", "googletest-message-test.vcxproj", "{45DB806F-F913-300F-A9CF-BA54FAE0294A}"
	ProjectSection(ProjectDependencies) = postProject
		{03F73153-7CE1-3A40-B58C-3A5CEE46859E} = {03F73153-7CE1-3A40-B58C-3A5CEE46859E}
		{2A1070FA-9A5C-38B3-AA3D-FF9EC8D6657D} = {2A1070FA-9A5C-38B3-AA3D-FF9EC8D6657D}
		{BD7C51D5-C86E-3DD1-AD03-8EEC2294CCDD} = {BD7C51D5-C86E-3DD1-AD03-8EEC2294CCDD}
	EndProjectSection
EndProject
Project("{8BC9CEB8-8B4A-11D0-8D11-00A0C91BC942}") = "googletest-options-test", "googletest-options-test.vcxproj", "{F6EB5363-F3D7-3591-A546-096A1C580AEA}"
	ProjectSection(ProjectDependencies) = postProject
		{03F73153-7CE1-3A40-B58C-3A5CEE46859E} = {03F73153-7CE1-3A40-B58C-3A5CEE46859E}
		{2A1070FA-9A5C-38B3-AA3D-FF9EC8D6657D} = {2A1070FA-9A5C-38B3-AA3D-FF9EC8D6657D}
		{BD7C51D5-C86E-3DD1-AD03-8EEC2294CCDD} = {BD7C51D5-C86E-3DD1-AD03-8EEC2294CCDD}
	EndProjectSection
EndProject
Project("{8BC9CEB8-8B4A-11D0-8D11-00A0C91BC942}") = "googletest-output-test_", "googletest-output-test_.vcxproj", "{DF47E8B3-FFB4-3DCB-A01F-56A70369C643}"
	ProjectSection(ProjectDependencies) = postProject
		{03F73153-7CE1-3A40-B58C-3A5CEE46859E} = {03F73153-7CE1-3A40-B58C-3A5CEE46859E}
		{2A1070FA-9A5C-38B3-AA3D-FF9EC8D6657D} = {2A1070FA-9A5C-38B3-AA3D-FF9EC8D6657D}
	EndProjectSection
EndProject
Project("{8BC9CEB8-8B4A-11D0-8D11-00A0C91BC942}") = "googletest-param-test-test", "googletest-param-test-test.vcxproj", "{268CF5AC-7B94-34A6-8E00-19EF81F02172}"
	ProjectSection(ProjectDependencies) = postProject
		{03F73153-7CE1-3A40-B58C-3A5CEE46859E} = {03F73153-7CE1-3A40-B58C-3A5CEE46859E}
		{2A1070FA-9A5C-38B3-AA3D-FF9EC8D6657D} = {2A1070FA-9A5C-38B3-AA3D-FF9EC8D6657D}
	EndProjectSection
EndProject
Project("{8BC9CEB8-8B4A-11D0-8D11-00A0C91BC942}") = "googletest-port-test", "googletest-port-test.vcxproj", "{EF35F2B6-BB57-36A3-BE13-D42B8BDF73BA}"
	ProjectSection(ProjectDependencies) = postProject
		{03F73153-7CE1-3A40-B58C-3A5CEE46859E} = {03F73153-7CE1-3A40-B58C-3A5CEE46859E}
		{2A1070FA-9A5C-38B3-AA3D-FF9EC8D6657D} = {2A1070FA-9A5C-38B3-AA3D-FF9EC8D6657D}
		{BD7C51D5-C86E-3DD1-AD03-8EEC2294CCDD} = {BD7C51D5-C86E-3DD1-AD03-8EEC2294CCDD}
	EndProjectSection
EndProject
Project("{8BC9CEB8-8B4A-11D0-8D11-00A0C91BC942}") = "googletest-printers-test", "googletest-printers-test.vcxproj", "{15115820-08EB-3615-90CB-06AE184AB6FB}"
	ProjectSection(ProjectDependencies) = postProject
		{03F73153-7CE1-3A40-B58C-3A5CEE46859E} = {03F73153-7CE1-3A40-B58C-3A5CEE46859E}
		{2A1070FA-9A5C-38B3-AA3D-FF9EC8D6657D} = {2A1070FA-9A5C-38B3-AA3D-FF9EC8D6657D}
		{BD7C51D5-C86E-3DD1-AD03-8EEC2294CCDD} = {BD7C51D5-C86E-3DD1-AD03-8EEC2294CCDD}
	EndProjectSection
EndProject
Project("{8BC9CEB8-8B4A-11D0-8D11-00A0C91BC942}") = "googletest-shuffle-test_", "googletest-shuffle-test_.vcxproj", "{BD6D7686-9CEE-315C-9812-EBB32A1342EF}"
	ProjectSection(ProjectDependencies) = postProject
		{03F73153-7CE1-3A40-B58C-3A5CEE46859E} = {03F73153-7CE1-3A40-B58C-3A5CEE46859E}
		{2A1070FA-9A5C-38B3-AA3D-FF9EC8D6657D} = {2A1070FA-9A5C-38B3-AA3D-FF9EC8D6657D}
	EndProjectSection
EndProject
Project("{8BC9CEB8-8B4A-11D0-8D11-00A0C91BC942}") = "googletest-test-part-test", "googletest-test-part-test.vcxproj", "{AE2AC7E8-AF09-3BEF-9FE6-982354E6B012}"
	ProjectSection(ProjectDependencies) = postProject
		{03F73153-7CE1-3A40-B58C-3A5CEE46859E} = {03F73153-7CE1-3A40-B58C-3A5CEE46859E}
		{2A1070FA-9A5C-38B3-AA3D-FF9EC8D6657D} = {2A1070FA-9A5C-38B3-AA3D-FF9EC8D6657D}
		{BD7C51D5-C86E-3DD1-AD03-8EEC2294CCDD} = {BD7C51D5-C86E-3DD1-AD03-8EEC2294CCDD}
	EndProjectSection
EndProject
Project("{8BC9CEB8-8B4A-11D0-8D11-00A0C91BC942}") = "googletest-throw-on-failure-test_", "googletest-throw-on-failure-test_.vcxproj", "{0104F0F0-4DBE-3F52-AE02-C8F60DD51BC8}"
	ProjectSection(ProjectDependencies) = postProject
		{03F73153-7CE1-3A40-B58C-3A5CEE46859E} = {03F73153-7CE1-3A40-B58C-3A5CEE46859E}
		{D5ADC4D4-0F1F-3B74-A295-62DC6AD0450F} = {D5ADC4D4-0F1F-3B74-A295-62DC6AD0450F}
	EndProjectSection
EndProject
Project("{8BC9CEB8-8B4A-11D0-8D11-00A0C91BC942}") = "googletest-uninitialized-test_", "googletest-uninitialized-test_.vcxproj", "{7DBDFFDF-819D-3DE9-8B84-94E78F73A09E}"
	ProjectSection(ProjectDependencies) = postProject
		{03F73153-7CE1-3A40-B58C-3A5CEE46859E} = {03F73153-7CE1-3A40-B58C-3A5CEE46859E}
		{2A1070FA-9A5C-38B3-AA3D-FF9EC8D6657D} = {2A1070FA-9A5C-38B3-AA3D-FF9EC8D6657D}
	EndProjectSection
EndProject
Project("{8BC9CEB8-8B4A-11D0-8D11-00A0C91BC942}") = "gtest", "gtest.vcxproj", "{2A1070FA-9A5C-38B3-AA3D-FF9EC8D6657D}"
	ProjectSection(ProjectDependencies) = postProject
		{03F73153-7CE1-3A40-B58C-3A5CEE46859E} = {03F73153-7CE1-3A40-B58C-3A5CEE46859E}
	EndProjectSection
EndProject
Project("{8BC9CEB8-8B4A-11D0-8D11-00A0C91BC942}") = "gtest-death-test_ex_catch_test", "gtest-death-test_ex_catch_test.vcxproj", "{AEAEAF93-D9A9-351A-9C05-66C04BBFFFB0}"
	ProjectSection(ProjectDependencies) = postProject
		{03F73153-7CE1-3A40-B58C-3A5CEE46859E} = {03F73153-7CE1-3A40-B58C-3A5CEE46859E}
		{2A1070FA-9A5C-38B3-AA3D-FF9EC8D6657D} = {2A1070FA-9A5C-38B3-AA3D-FF9EC8D6657D}
	EndProjectSection
EndProject
Project("{8BC9CEB8-8B4A-11D0-8D11-00A0C91BC942}") = "gtest-death-test_ex_nocatch_test", "gtest-death-test_ex_nocatch_test.vcxproj", "{8DAEB659-A75E-3614-93B5-589E16136C29}"
	ProjectSection(ProjectDependencies) = postProject
		{03F73153-7CE1-3A40-B58C-3A5CEE46859E} = {03F73153-7CE1-3A40-B58C-3A5CEE46859E}
		{2A1070FA-9A5C-38B3-AA3D-FF9EC8D6657D} = {2A1070FA-9A5C-38B3-AA3D-FF9EC8D6657D}
	EndProjectSection
EndProject
Project("{8BC9CEB8-8B4A-11D0-8D11-00A0C91BC942}") = "gtest-typed-test_test", "gtest-typed-test_test.vcxproj", "{673F8ED4-5AA6-39EC-8F69-469B74B32A9C}"
	ProjectSection(ProjectDependencies) = postProject
		{03F73153-7CE1-3A40-B58C-3A5CEE46859E} = {03F73153-7CE1-3A40-B58C-3A5CEE46859E}
		{2A1070FA-9A5C-38B3-AA3D-FF9EC8D6657D} = {2A1070FA-9A5C-38B3-AA3D-FF9EC8D6657D}
		{BD7C51D5-C86E-3DD1-AD03-8EEC2294CCDD} = {BD7C51D5-C86E-3DD1-AD03-8EEC2294CCDD}
	EndProjectSection
EndProject
Project("{8BC9CEB8-8B4A-11D0-8D11-00A0C91BC942}") = "gtest-unittest-api_test", "gtest-unittest-api_test.vcxproj", "{F7D4AD97-A2C5-377B-926D-41412EE2926C}"
	ProjectSection(ProjectDependencies) = postProject
		{03F73153-7CE1-3A40-B58C-3A5CEE46859E} = {03F73153-7CE1-3A40-B58C-3A5CEE46859E}
		{2A1070FA-9A5C-38B3-AA3D-FF9EC8D6657D} = {2A1070FA-9A5C-38B3-AA3D-FF9EC8D6657D}
	EndProjectSection
EndProject
Project("{8BC9CEB8-8B4A-11D0-8D11-00A0C91BC942}") = "gtest_dll", "gtest_dll.vcxproj", "{8E59168B-A2BB-3D43-95E3-A2F903051A75}"
	ProjectSection(ProjectDependencies) = postProject
		{03F73153-7CE1-3A40-B58C-3A5CEE46859E} = {03F73153-7CE1-3A40-B58C-3A5CEE46859E}
	EndProjectSection
EndProject
Project("{8BC9CEB8-8B4A-11D0-8D11-00A0C91BC942}") = "gtest_dll_test_", "gtest_dll_test_.vcxproj", "{08A860F6-BFE0-337D-A445-2263BE4C0E83}"
	ProjectSection(ProjectDependencies) = postProject
		{03F73153-7CE1-3A40-B58C-3A5CEE46859E} = {03F73153-7CE1-3A40-B58C-3A5CEE46859E}
		{8E59168B-A2BB-3D43-95E3-A2F903051A75} = {8E59168B-A2BB-3D43-95E3-A2F903051A75}
	EndProjectSection
EndProject
Project("{8BC9CEB8-8B4A-11D0-8D11-00A0C91BC942}") = "gtest_environment_test", "gtest_environment_test.vcxproj", "{F4B2D23A-4B17-3CB4-B8D1-5460FF57B992}"
	ProjectSection(ProjectDependencies) = postProject
		{03F73153-7CE1-3A40-B58C-3A5CEE46859E} = {03F73153-7CE1-3A40-B58C-3A5CEE46859E}
		{2A1070FA-9A5C-38B3-AA3D-FF9EC8D6657D} = {2A1070FA-9A5C-38B3-AA3D-FF9EC8D6657D}
	EndProjectSection
EndProject
Project("{8BC9CEB8-8B4A-11D0-8D11-00A0C91BC942}") = "gtest_help_test_", "gtest_help_test_.vcxproj", "{5C4CEA8B-4B31-3DDB-B3DA-79BE09F04E4C}"
	ProjectSection(ProjectDependencies) = postProject
		{03F73153-7CE1-3A40-B58C-3A5CEE46859E} = {03F73153-7CE1-3A40-B58C-3A5CEE46859E}
		{2A1070FA-9A5C-38B3-AA3D-FF9EC8D6657D} = {2A1070FA-9A5C-38B3-AA3D-FF9EC8D6657D}
		{BD7C51D5-C86E-3DD1-AD03-8EEC2294CCDD} = {BD7C51D5-C86E-3DD1-AD03-8EEC2294CCDD}
	EndProjectSection
EndProject
Project("{8BC9CEB8-8B4A-11D0-8D11-00A0C91BC942}") = "gtest_main", "gtest_main.vcxproj", "{BD7C51D5-C86E-3DD1-AD03-8EEC2294CCDD}"
	ProjectSection(ProjectDependencies) = postProject
		{03F73153-7CE1-3A40-B58C-3A5CEE46859E} = {03F73153-7CE1-3A40-B58C-3A5CEE46859E}
		{2A1070FA-9A5C-38B3-AA3D-FF9EC8D6657D} = {2A1070FA-9A5C-38B3-AA3D-FF9EC8D6657D}
	EndProjectSection
EndProject
Project("{8BC9CEB8-8B4A-11D0-8D11-00A0C91BC942}") = "gtest_main_no_exception", "gtest_main_no_exception.vcxproj", "{F5ABF01B-C8AF-361F-BDFF-6F741EAE467E}"
	ProjectSection(ProjectDependencies) = postProject
		{03F73153-7CE1-3A40-B58C-3A5CEE46859E} = {03F73153-7CE1-3A40-B58C-3A5CEE46859E}
	EndProjectSection
EndProject
Project("{8BC9CEB8-8B4A-11D0-8D11-00A0C91BC942}") = "gtest_main_no_rtti", "gtest_main_no_rtti.vcxproj", "{4E85FA95-F28A-334A-BCCC-A4D5075BFBA5}"
	ProjectSection(ProjectDependencies) = postProject
		{03F73153-7CE1-3A40-B58C-3A5CEE46859E} = {03F73153-7CE1-3A40-B58C-3A5CEE46859E}
	EndProjectSection
EndProject
Project("{8BC9CEB8-8B4A-11D0-8D11-00A0C91BC942}") = "gtest_main_unittest", "gtest_main_unittest.vcxproj", "{53BF1F00-0413-34AB-8E46-D37A42507234}"
	ProjectSection(ProjectDependencies) = postProject
		{03F73153-7CE1-3A40-B58C-3A5CEE46859E} = {03F73153-7CE1-3A40-B58C-3A5CEE46859E}
		{2A1070FA-9A5C-38B3-AA3D-FF9EC8D6657D} = {2A1070FA-9A5C-38B3-AA3D-FF9EC8D6657D}
		{BD7C51D5-C86E-3DD1-AD03-8EEC2294CCDD} = {BD7C51D5-C86E-3DD1-AD03-8EEC2294CCDD}
	EndProjectSection
EndProject
Project("{8BC9CEB8-8B4A-11D0-8D11-00A0C91BC942}") = "gtest_no_exception", "gtest_no_exception.vcxproj", "{D5ADC4D4-0F1F-3B74-A295-62DC6AD0450F}"
	ProjectSection(ProjectDependencies) = postProject
		{03F73153-7CE1-3A40-B58C-3A5CEE46859E} = {03F73153-7CE1-3A40-B58C-3A5CEE46859E}
	EndProjectSection
EndProject
Project("{8BC9CEB8-8B4A-11D0-8D11-00A0C91BC942}") = "gtest_no_rtti_unittest", "gtest_no_rtti_unittest.vcxproj", "{815EDE56-2B39-3A07-ACF1-160FC94DC55E}"
	ProjectSection(ProjectDependencies) = postProject
		{03F73153-7CE1-3A40-B58C-3A5CEE46859E} = {03F73153-7CE1-3A40-B58C-3A5CEE46859E}
		{4E85FA95-F28A-334A-BCCC-A4D5075BFBA5} = {4E85FA95-F28A-334A-BCCC-A4D5075BFBA5}
	EndProjectSection
EndProject
Project("{8BC9CEB8-8B4A-11D0-8D11-00A0C91BC942}") = "gtest_no_test_unittest", "gtest_no_test_unittest.vcxproj", "{6E8C8F91-1CD3-33DD-914A-6BBC3ED18C51}"
	ProjectSection(ProjectDependencies) = postProject
		{03F73153-7CE1-3A40-B58C-3A5CEE46859E} = {03F73153-7CE1-3A40-B58C-3A5CEE46859E}
		{2A1070FA-9A5C-38B3-AA3D-FF9EC8D6657D} = {2A1070FA-9A5C-38B3-AA3D-FF9EC8D6657D}
	EndProjectSection
EndProject
Project("{8BC9CEB8-8B4A-11D0-8D11-00A0C91BC942}") = "gtest_pred_impl_unittest", "gtest_pred_impl_unittest.vcxproj", "{CECD3922-4422-3CD6-9E60-6F6559F0D9B0}"
	ProjectSection(ProjectDependencies) = postProject
		{03F73153-7CE1-3A40-B58C-3A5CEE46859E} = {03F73153-7CE1-3A40-B58C-3A5CEE46859E}
		{2A1070FA-9A5C-38B3-AA3D-FF9EC8D6657D} = {2A1070FA-9A5C-38B3-AA3D-FF9EC8D6657D}
		{BD7C51D5-C86E-3DD1-AD03-8EEC2294CCDD} = {BD7C51D5-C86E-3DD1-AD03-8EEC2294CCDD}
	EndProjectSection
EndProject
Project("{8BC9CEB8-8B4A-11D0-8D11-00A0C91BC942}") = "gtest_premature_exit_test", "gtest_premature_exit_test.vcxproj", "{BAD7B79E-30DB-34C6-AF55-F6434A822782}"
	ProjectSection(ProjectDependencies) = postProject
		{03F73153-7CE1-3A40-B58C-3A5CEE46859E} = {03F73153-7CE1-3A40-B58C-3A5CEE46859E}
		{2A1070FA-9A5C-38B3-AA3D-FF9EC8D6657D} = {2A1070FA-9A5C-38B3-AA3D-FF9EC8D6657D}
	EndProjectSection
EndProject
Project("{8BC9CEB8-8B4A-11D0-8D11-00A0C91BC942}") = "gtest_prod_test", "gtest_prod_test.vcxproj", "{84D90FC2-E6B9-38C5-8A04-89CE0348961D}"
	ProjectSection(ProjectDependencies) = postProject
		{03F73153-7CE1-3A40-B58C-3A5CEE46859E} = {03F73153-7CE1-3A40-B58C-3A5CEE46859E}
		{2A1070FA-9A5C-38B3-AA3D-FF9EC8D6657D} = {2A1070FA-9A5C-38B3-AA3D-FF9EC8D6657D}
		{BD7C51D5-C86E-3DD1-AD03-8EEC2294CCDD} = {BD7C51D5-C86E-3DD1-AD03-8EEC2294CCDD}
	EndProjectSection
EndProject
Project("{8BC9CEB8-8B4A-11D0-8D11-00A0C91BC942}") = "gtest_repeat_test", "gtest_repeat_test.vcxproj", "{2C401521-5C22-3550-B1B3-A673E0F07F13}"
	ProjectSection(ProjectDependencies) = postProject
		{03F73153-7CE1-3A40-B58C-3A5CEE46859E} = {03F73153-7CE1-3A40-B58C-3A5CEE46859E}
		{2A1070FA-9A5C-38B3-AA3D-FF9EC8D6657D} = {2A1070FA-9A5C-38B3-AA3D-FF9EC8D6657D}
	EndProjectSection
EndProject
Project("{8BC9CEB8-8B4A-11D0-8D11-00A0C91BC942}") = "gtest_sole_header_test", "gtest_sole_header_test.vcxproj", "{9C24AEAB-6B70-3926-9F2E-17C25FBDF77E}"
	ProjectSection(ProjectDependencies) = postProject
		{03F73153-7CE1-3A40-B58C-3A5CEE46859E} = {03F73153-7CE1-3A40-B58C-3A5CEE46859E}
		{2A1070FA-9A5C-38B3-AA3D-FF9EC8D6657D} = {2A1070FA-9A5C-38B3-AA3D-FF9EC8D6657D}
		{BD7C51D5-C86E-3DD1-AD03-8EEC2294CCDD} = {BD7C51D5-C86E-3DD1-AD03-8EEC2294CCDD}
	EndProjectSection
EndProject
Project("{8BC9CEB8-8B4A-11D0-8D11-00A0C91BC942}") = "gtest_stress_test", "gtest_stress_test.vcxproj", "{6C6328FD-8BB9-3CED-B3D2-835529547DAA}"
	ProjectSection(ProjectDependencies) = postProject
		{03F73153-7CE1-3A40-B58C-3A5CEE46859E} = {03F73153-7CE1-3A40-B58C-3A5CEE46859E}
		{2A1070FA-9A5C-38B3-AA3D-FF9EC8D6657D} = {2A1070FA-9A5C-38B3-AA3D-FF9EC8D6657D}
	EndProjectSection
EndProject
Project("{8BC9CEB8-8B4A-11D0-8D11-00A0C91BC942}") = "gtest_throw_on_failure_ex_test", "gtest_throw_on_failure_ex_test.vcxproj", "{8386E3AB-4087-3BB3-A6DF-FEA31C9EE5A7}"
	ProjectSection(ProjectDependencies) = postProject
		{03F73153-7CE1-3A40-B58C-3A5CEE46859E} = {03F73153-7CE1-3A40-B58C-3A5CEE46859E}
		{2A1070FA-9A5C-38B3-AA3D-FF9EC8D6657D} = {2A1070FA-9A5C-38B3-AA3D-FF9EC8D6657D}
	EndProjectSection
EndProject
Project("{8BC9CEB8-8B4A-11D0-8D11-00A0C91BC942}") = "gtest_unittest", "gtest_unittest.vcxproj", "{E7FA7A37-0D90-3152-948A-65FAC6C9B37B}"
	ProjectSection(ProjectDependencies) = postProject
		{03F73153-7CE1-3A40-B58C-3A5CEE46859E} = {03F73153-7CE1-3A40-B58C-3A5CEE46859E}
		{2A1070FA-9A5C-38B3-AA3D-FF9EC8D6657D} = {2A1070FA-9A5C-38B3-AA3D-FF9EC8D6657D}
		{BD7C51D5-C86E-3DD1-AD03-8EEC2294CCDD} = {BD7C51D5-C86E-3DD1-AD03-8EEC2294CCDD}
	EndProjectSection
EndProject
Project("{8BC9CEB8-8B4A-11D0-8D11-00A0C91BC942}") = "gtest_xml_outfile1_test_", "gtest_xml_outfile1_test_.vcxproj", "{A6186539-9B56-332F-BCFF-E8B5D37B8540}"
	ProjectSection(ProjectDependencies) = postProject
		{03F73153-7CE1-3A40-B58C-3A5CEE46859E} = {03F73153-7CE1-3A40-B58C-3A5CEE46859E}
		{2A1070FA-9A5C-38B3-AA3D-FF9EC8D6657D} = {2A1070FA-9A5C-38B3-AA3D-FF9EC8D6657D}
		{BD7C51D5-C86E-3DD1-AD03-8EEC2294CCDD} = {BD7C51D5-C86E-3DD1-AD03-8EEC2294CCDD}
	EndProjectSection
EndProject
Project("{8BC9CEB8-8B4A-11D0-8D11-00A0C91BC942}") = "gtest_xml_outfile2_test_", "gtest_xml_outfile2_test_.vcxproj", "{80E40DE8-7803-3AEF-87C6-C384C43FDD25}"
	ProjectSection(ProjectDependencies) = postProject
		{03F73153-7CE1-3A40-B58C-3A5CEE46859E} = {03F73153-7CE1-3A40-B58C-3A5CEE46859E}
		{2A1070FA-9A5C-38B3-AA3D-FF9EC8D6657D} = {2A1070FA-9A5C-38B3-AA3D-FF9EC8D6657D}
		{BD7C51D5-C86E-3DD1-AD03-8EEC2294CCDD} = {BD7C51D5-C86E-3DD1-AD03-8EEC2294CCDD}
	EndProjectSection
EndProject
Project("{8BC9CEB8-8B4A-11D0-8D11-00A0C91BC942}") = "gtest_xml_output_unittest_", "gtest_xml_output_unittest_.vcxproj", "{13A0308E-15B9-3DB1-8053-DDB045CB5888}"
	ProjectSection(ProjectDependencies) = postProject
		{03F73153-7CE1-3A40-B58C-3A5CEE46859E} = {03F73153-7CE1-3A40-B58C-3A5CEE46859E}
		{2A1070FA-9A5C-38B3-AA3D-FF9EC8D6657D} = {2A1070FA-9A5C-38B3-AA3D-FF9EC8D6657D}
	EndProjectSection
EndProject
Project("{8BC9CEB8-8B4A-11D0-8D11-00A0C91BC942}") = "sample10_unittest", "sample10_unittest.vcxproj", "{6C01ADBD-14D6-350A-AE97-39A2FF3C803F}"
	ProjectSection(ProjectDependencies) = postProject
		{03F73153-7CE1-3A40-B58C-3A5CEE46859E} = {03F73153-7CE1-3A40-B58C-3A5CEE46859E}
		{2A1070FA-9A5C-38B3-AA3D-FF9EC8D6657D} = {2A1070FA-9A5C-38B3-AA3D-FF9EC8D6657D}
	EndProjectSection
EndProject
Project("{8BC9CEB8-8B4A-11D0-8D11-00A0C91BC942}") = "sample1_unittest", "sample1_unittest.vcxproj", "{AFEDF1C8-BD4B-3C51-B00C-A419EE401310}"
	ProjectSection(ProjectDependencies) = postProject
		{03F73153-7CE1-3A40-B58C-3A5CEE46859E} = {03F73153-7CE1-3A40-B58C-3A5CEE46859E}
		{2A1070FA-9A5C-38B3-AA3D-FF9EC8D6657D} = {2A1070FA-9A5C-38B3-AA3D-FF9EC8D6657D}
		{BD7C51D5-C86E-3DD1-AD03-8EEC2294CCDD} = {BD7C51D5-C86E-3DD1-AD03-8EEC2294CCDD}
	EndProjectSection
EndProject
Project("{8BC9CEB8-8B4A-11D0-8D11-00A0C91BC942}") = "sample2_unittest", "sample2_unittest.vcxproj", "{5100218B-5B87-3C59-A083-6F27E2AF9644}"
	ProjectSection(ProjectDependencies) = postProject
		{03F73153-7CE1-3A40-B58C-3A5CEE46859E} = {03F73153-7CE1-3A40-B58C-3A5CEE46859E}
		{2A1070FA-9A5C-38B3-AA3D-FF9EC8D6657D} = {2A1070FA-9A5C-38B3-AA3D-FF9EC8D6657D}
		{BD7C51D5-C86E-3DD1-AD03-8EEC2294CCDD} = {BD7C51D5-C86E-3DD1-AD03-8EEC2294CCDD}
	EndProjectSection
EndProject
Project("{8BC9CEB8-8B4A-11D0-8D11-00A0C91BC942}") = "sample3_unittest", "sample3_unittest.vcxproj", "{023488CE-93F4-38B4-9055-61B8DE6544EB}"
	ProjectSection(ProjectDependencies) = postProject
		{03F73153-7CE1-3A40-B58C-3A5CEE46859E} = {03F73153-7CE1-3A40-B58C-3A5CEE46859E}
		{2A1070FA-9A5C-38B3-AA3D-FF9EC8D6657D} = {2A1070FA-9A5C-38B3-AA3D-FF9EC8D6657D}
		{BD7C51D5-C86E-3DD1-AD03-8EEC2294CCDD} = {BD7C51D5-C86E-3DD1-AD03-8EEC2294CCDD}
	EndProjectSection
EndProject
Project("{8BC9CEB8-8B4A-11D0-8D11-00A0C91BC942}") = "sample4_unittest", "sample4_unittest.vcxproj", "{7D45E879-9670-388E-905A-D22B20497241}"
	ProjectSection(ProjectDependencies) = postProject
		{03F73153-7CE1-3A40-B58C-3A5CEE46859E} = {03F73153-7CE1-3A40-B58C-3A5CEE46859E}
		{2A1070FA-9A5C-38B3-AA3D-FF9EC8D6657D} = {2A1070FA-9A5C-38B3-AA3D-FF9EC8D6657D}
		{BD7C51D5-C86E-3DD1-AD03-8EEC2294CCDD} = {BD7C51D5-C86E-3DD1-AD03-8EEC2294CCDD}
	EndProjectSection
EndProject
Project("{8BC9CEB8-8B4A-11D0-8D11-00A0C91BC942}") = "sample5_unittest", "sample5_unittest.vcxproj", "{B88E7904-C58E-308F-9C49-3F63BC8F2558}"
	ProjectSection(ProjectDependencies) = postProject
		{03F73153-7CE1-3A40-B58C-3A5CEE46859E} = {03F73153-7CE1-3A40-B58C-3A5CEE46859E}
		{2A1070FA-9A5C-38B3-AA3D-FF9EC8D6657D} = {2A1070FA-9A5C-38B3-AA3D-FF9EC8D6657D}
		{BD7C51D5-C86E-3DD1-AD03-8EEC2294CCDD} = {BD7C51D5-C86E-3DD1-AD03-8EEC2294CCDD}
	EndProjectSection
EndProject
Project("{8BC9CEB8-8B4A-11D0-8D11-00A0C91BC942}") = "sample6_unittest", "sample6_unittest.vcxproj", "{C835BCA9-4AEB-3758-A60F-EC5E4EC1CB6C}"
	ProjectSection(ProjectDependencies) = postProject
		{03F73153-7CE1-3A40-B58C-3A5CEE46859E} = {03F73153-7CE1-3A40-B58C-3A5CEE46859E}
		{2A1070FA-9A5C-38B3-AA3D-FF9EC8D6657D} = {2A1070FA-9A5C-38B3-AA3D-FF9EC8D6657D}
		{BD7C51D5-C86E-3DD1-AD03-8EEC2294CCDD} = {BD7C51D5-C86E-3DD1-AD03-8EEC2294CCDD}
	EndProjectSection
EndProject
Project("{8BC9CEB8-8B4A-11D0-8D11-00A0C91BC942}") = "sample7_unittest", "sample7_unittest.vcxproj", "{00526CA0-51B7-352B-82B0-17F1F6491BD7}"
	ProjectSection(ProjectDependencies) = postProject
		{03F73153-7CE1-3A40-B58C-3A5CEE46859E} = {03F73153-7CE1-3A40-B58C-3A5CEE46859E}
		{2A1070FA-9A5C-38B3-AA3D-FF9EC8D6657D} = {2A1070FA-9A5C-38B3-AA3D-FF9EC8D6657D}
		{BD7C51D5-C86E-3DD1-AD03-8EEC2294CCDD} = {BD7C51D5-C86E-3DD1-AD03-8EEC2294CCDD}
	EndProjectSection
EndProject
Project("{8BC9CEB8-8B4A-11D0-8D11-00A0C91BC942}") = "sample8_unittest", "sample8_unittest.vcxproj", "{FF44E41A-5E99-3118-92E6-4ADFB754EE98}"
	ProjectSection(ProjectDependencies) = postProject
		{03F73153-7CE1-3A40-B58C-3A5CEE46859E} = {03F73153-7CE1-3A40-B58C-3A5CEE46859E}
		{2A1070FA-9A5C-38B3-AA3D-FF9EC8D6657D} = {2A1070FA-9A5C-38B3-AA3D-FF9EC8D6657D}
		{BD7C51D5-C86E-3DD1-AD03-8EEC2294CCDD} = {BD7C51D5-C86E-3DD1-AD03-8EEC2294CCDD}
	EndProjectSection
EndProject
Project("{8BC9CEB8-8B4A-11D0-8D11-00A0C91BC942}") = "sample9_unittest", "sample9_unittest.vcxproj", "{ACBAE794-984C-3AD2-9DEF-8DCD39D3B0AE}"
	ProjectSection(ProjectDependencies) = postProject
		{03F73153-7CE1-3A40-B58C-3A5CEE46859E} = {03F73153-7CE1-3A40-B58C-3A5CEE46859E}
		{2A1070FA-9A5C-38B3-AA3D-FF9EC8D6657D} = {2A1070FA-9A5C-38B3-AA3D-FF9EC8D6657D}
	EndProjectSection
EndProject
Global
	GlobalSection(SolutionConfigurationPlatforms) = preSolution
		Debug|Win32 = Debug|Win32
		Release|Win32 = Release|Win32
		MinSizeRel|Win32 = MinSizeRel|Win32
		RelWithDebInfo|Win32 = RelWithDebInfo|Win32
	EndGlobalSection
	GlobalSection(ProjectConfigurationPlatforms) = postSolution
		{C9728AD0-2898-326E-B212-47A5A4662564}.Debug|Win32.ActiveCfg = Debug|Win32
		{C9728AD0-2898-326E-B212-47A5A4662564}.Debug|Win32.Build.0 = Debug|Win32
		{C9728AD0-2898-326E-B212-47A5A4662564}.Release|Win32.ActiveCfg = Release|Win32
		{C9728AD0-2898-326E-B212-47A5A4662564}.Release|Win32.Build.0 = Release|Win32
		{C9728AD0-2898-326E-B212-47A5A4662564}.MinSizeRel|Win32.ActiveCfg = MinSizeRel|Win32
		{C9728AD0-2898-326E-B212-47A5A4662564}.MinSizeRel|Win32.Build.0 = MinSizeRel|Win32
		{C9728AD0-2898-326E-B212-47A5A4662564}.RelWithDebInfo|Win32.ActiveCfg = RelWithDebInfo|Win32
		{C9728AD0-2898-326E-B212-47A5A4662564}.RelWithDebInfo|Win32.Build.0 = RelWithDebInfo|Win32
		{0D851DB8-1DD3-3A88-AA33-FF5954C34E88}.Debug|Win32.ActiveCfg = Debug|Win32
		{0D851DB8-1DD3-3A88-AA33-FF5954C34E88}.Release|Win32.ActiveCfg = Release|Win32
		{0D851DB8-1DD3-3A88-AA33-FF5954C34E88}.MinSizeRel|Win32.ActiveCfg = MinSizeRel|Win32
		{0D851DB8-1DD3-3A88-AA33-FF5954C34E88}.RelWithDebInfo|Win32.ActiveCfg = RelWithDebInfo|Win32
		{E86BD9F6-00B5-3D7B-86CC-0045F205ED9E}.Debug|Win32.ActiveCfg = Debug|Win32
		{E86BD9F6-00B5-3D7B-86CC-0045F205ED9E}.Release|Win32.ActiveCfg = Release|Win32
		{E86BD9F6-00B5-3D7B-86CC-0045F205ED9E}.MinSizeRel|Win32.ActiveCfg = MinSizeRel|Win32
		{E86BD9F6-00B5-3D7B-86CC-0045F205ED9E}.RelWithDebInfo|Win32.ActiveCfg = RelWithDebInfo|Win32
		{03F73153-7CE1-3A40-B58C-3A5CEE46859E}.Debug|Win32.ActiveCfg = Debug|Win32
		{03F73153-7CE1-3A40-B58C-3A5CEE46859E}.Debug|Win32.Build.0 = Debug|Win32
		{03F73153-7CE1-3A40-B58C-3A5CEE46859E}.Release|Win32.ActiveCfg = Release|Win32
		{03F73153-7CE1-3A40-B58C-3A5CEE46859E}.Release|Win32.Build.0 = Release|Win32
		{03F73153-7CE1-3A40-B58C-3A5CEE46859E}.MinSizeRel|Win32.ActiveCfg = MinSizeRel|Win32
		{03F73153-7CE1-3A40-B58C-3A5CEE46859E}.MinSizeRel|Win32.Build.0 = MinSizeRel|Win32
		{03F73153-7CE1-3A40-B58C-3A5CEE46859E}.RelWithDebInfo|Win32.ActiveCfg = RelWithDebInfo|Win32
		{03F73153-7CE1-3A40-B58C-3A5CEE46859E}.RelWithDebInfo|Win32.Build.0 = RelWithDebInfo|Win32
		{3FE61A9A-F614-30A4-B38B-2A67464DF708}.Debug|Win32.ActiveCfg = Debug|Win32
		{3FE61A9A-F614-30A4-B38B-2A67464DF708}.Debug|Win32.Build.0 = Debug|Win32
		{3FE61A9A-F614-30A4-B38B-2A67464DF708}.Release|Win32.ActiveCfg = Release|Win32
		{3FE61A9A-F614-30A4-B38B-2A67464DF708}.Release|Win32.Build.0 = Release|Win32
		{3FE61A9A-F614-30A4-B38B-2A67464DF708}.MinSizeRel|Win32.ActiveCfg = MinSizeRel|Win32
		{3FE61A9A-F614-30A4-B38B-2A67464DF708}.MinSizeRel|Win32.Build.0 = MinSizeRel|Win32
		{3FE61A9A-F614-30A4-B38B-2A67464DF708}.RelWithDebInfo|Win32.ActiveCfg = RelWithDebInfo|Win32
		{3FE61A9A-F614-30A4-B38B-2A67464DF708}.RelWithDebInfo|Win32.Build.0 = RelWithDebInfo|Win32
		{8827D672-A30B-3980-B4CD-9961D809802D}.Debug|Win32.ActiveCfg = Debug|Win32
		{8827D672-A30B-3980-B4CD-9961D809802D}.Debug|Win32.Build.0 = Debug|Win32
		{8827D672-A30B-3980-B4CD-9961D809802D}.Release|Win32.ActiveCfg = Release|Win32
		{8827D672-A30B-3980-B4CD-9961D809802D}.Release|Win32.Build.0 = Release|Win32
		{8827D672-A30B-3980-B4CD-9961D809802D}.MinSizeRel|Win32.ActiveCfg = MinSizeRel|Win32
		{8827D672-A30B-3980-B4CD-9961D809802D}.MinSizeRel|Win32.Build.0 = MinSizeRel|Win32
		{8827D672-A30B-3980-B4CD-9961D809802D}.RelWithDebInfo|Win32.ActiveCfg = RelWithDebInfo|Win32
		{8827D672-A30B-3980-B4CD-9961D809802D}.RelWithDebInfo|Win32.Build.0 = RelWithDebInfo|Win32
		{09A55AD6-F421-3D66-B056-037D7729DBC6}.Debug|Win32.ActiveCfg = Debug|Win32
		{09A55AD6-F421-3D66-B056-037D7729DBC6}.Debug|Win32.Build.0 = Debug|Win32
		{09A55AD6-F421-3D66-B056-037D7729DBC6}.Release|Win32.ActiveCfg = Release|Win32
		{09A55AD6-F421-3D66-B056-037D7729DBC6}.Release|Win32.Build.0 = Release|Win32
		{09A55AD6-F421-3D66-B056-037D7729DBC6}.MinSizeRel|Win32.ActiveCfg = MinSizeRel|Win32
		{09A55AD6-F421-3D66-B056-037D7729DBC6}.MinSizeRel|Win32.Build.0 = MinSizeRel|Win32
		{09A55AD6-F421-3D66-B056-037D7729DBC6}.RelWithDebInfo|Win32.ActiveCfg = RelWithDebInfo|Win32
		{09A55AD6-F421-3D66-B056-037D7729DBC6}.RelWithDebInfo|Win32.Build.0 = RelWithDebInfo|Win32
		{29206B9B-1EEB-3BBC-89F5-44D084957E07}.Debug|Win32.ActiveCfg = Debug|Win32
		{29206B9B-1EEB-3BBC-89F5-44D084957E07}.Debug|Win32.Build.0 = Debug|Win32
		{29206B9B-1EEB-3BBC-89F5-44D084957E07}.Release|Win32.ActiveCfg = Release|Win32
		{29206B9B-1EEB-3BBC-89F5-44D084957E07}.Release|Win32.Build.0 = Release|Win32
		{29206B9B-1EEB-3BBC-89F5-44D084957E07}.MinSizeRel|Win32.ActiveCfg = MinSizeRel|Win32
		{29206B9B-1EEB-3BBC-89F5-44D084957E07}.MinSizeRel|Win32.Build.0 = MinSizeRel|Win32
		{29206B9B-1EEB-3BBC-89F5-44D084957E07}.RelWithDebInfo|Win32.ActiveCfg = RelWithDebInfo|Win32
		{29206B9B-1EEB-3BBC-89F5-44D084957E07}.RelWithDebInfo|Win32.Build.0 = RelWithDebInfo|Win32
		{95E966DD-D96C-38A4-8E68-0D381FD37954}.Debug|Win32.ActiveCfg = Debug|Win32
		{95E966DD-D96C-38A4-8E68-0D381FD37954}.Debug|Win32.Build.0 = Debug|Win32
		{95E966DD-D96C-38A4-8E68-0D381FD37954}.Release|Win32.ActiveCfg = Release|Win32
		{95E966DD-D96C-38A4-8E68-0D381FD37954}.Release|Win32.Build.0 = Release|Win32
		{95E966DD-D96C-38A4-8E68-0D381FD37954}.MinSizeRel|Win32.ActiveCfg = MinSizeRel|Win32
		{95E966DD-D96C-38A4-8E68-0D381FD37954}.MinSizeRel|Win32.Build.0 = MinSizeRel|Win32
		{95E966DD-D96C-38A4-8E68-0D381FD37954}.RelWithDebInfo|Win32.ActiveCfg = RelWithDebInfo|Win32
		{95E966DD-D96C-38A4-8E68-0D381FD37954}.RelWithDebInfo|Win32.Build.0 = RelWithDebInfo|Win32
		{07285361-2575-3FE4-BD76-9EB1BF7AA267}.Debug|Win32.ActiveCfg = Debug|Win32
		{07285361-2575-3FE4-BD76-9EB1BF7AA267}.Debug|Win32.Build.0 = Debug|Win32
		{07285361-2575-3FE4-BD76-9EB1BF7AA267}.Release|Win32.ActiveCfg = Release|Win32
		{07285361-2575-3FE4-BD76-9EB1BF7AA267}.Release|Win32.Build.0 = Release|Win32
		{07285361-2575-3FE4-BD76-9EB1BF7AA267}.MinSizeRel|Win32.ActiveCfg = MinSizeRel|Win32
		{07285361-2575-3FE4-BD76-9EB1BF7AA267}.MinSizeRel|Win32.Build.0 = MinSizeRel|Win32
		{07285361-2575-3FE4-BD76-9EB1BF7AA267}.RelWithDebInfo|Win32.ActiveCfg = RelWithDebInfo|Win32
		{07285361-2575-3FE4-BD76-9EB1BF7AA267}.RelWithDebInfo|Win32.Build.0 = RelWithDebInfo|Win32
		{7659B5B1-46C3-337F-951E-A66C7E0E1151}.Debug|Win32.ActiveCfg = Debug|Win32
		{7659B5B1-46C3-337F-951E-A66C7E0E1151}.Debug|Win32.Build.0 = Debug|Win32
		{7659B5B1-46C3-337F-951E-A66C7E0E1151}.Release|Win32.ActiveCfg = Release|Win32
		{7659B5B1-46C3-337F-951E-A66C7E0E1151}.Release|Win32.Build.0 = Release|Win32
		{7659B5B1-46C3-337F-951E-A66C7E0E1151}.MinSizeRel|Win32.ActiveCfg = MinSizeRel|Win32
		{7659B5B1-46C3-337F-951E-A66C7E0E1151}.MinSizeRel|Win32.Build.0 = MinSizeRel|Win32
		{7659B5B1-46C3-337F-951E-A66C7E0E1151}.RelWithDebInfo|Win32.ActiveCfg = RelWithDebInfo|Win32
		{7659B5B1-46C3-337F-951E-A66C7E0E1151}.RelWithDebInfo|Win32.Build.0 = RelWithDebInfo|Win32
		{D70C9B5A-988A-3C71-A04E-3A74B7A9BA08}.Debug|Win32.ActiveCfg = Debug|Win32
		{D70C9B5A-988A-3C71-A04E-3A74B7A9BA08}.Debug|Win32.Build.0 = Debug|Win32
		{D70C9B5A-988A-3C71-A04E-3A74B7A9BA08}.Release|Win32.ActiveCfg = Release|Win32
		{D70C9B5A-988A-3C71-A04E-3A74B7A9BA08}.Release|Win32.Build.0 = Release|Win32
		{D70C9B5A-988A-3C71-A04E-3A74B7A9BA08}.MinSizeRel|Win32.ActiveCfg = MinSizeRel|Win32
		{D70C9B5A-988A-3C71-A04E-3A74B7A9BA08}.MinSizeRel|Win32.Build.0 = MinSizeRel|Win32
		{D70C9B5A-988A-3C71-A04E-3A74B7A9BA08}.RelWithDebInfo|Win32.ActiveCfg = RelWithDebInfo|Win32
		{D70C9B5A-988A-3C71-A04E-3A74B7A9BA08}.RelWithDebInfo|Win32.Build.0 = RelWithDebInfo|Win32
		{C671E7A6-81D5-3E50-8073-C60C04645150}.Debug|Win32.ActiveCfg = Debug|Win32
		{C671E7A6-81D5-3E50-8073-C60C04645150}.Debug|Win32.Build.0 = Debug|Win32
		{C671E7A6-81D5-3E50-8073-C60C04645150}.Release|Win32.ActiveCfg = Release|Win32
		{C671E7A6-81D5-3E50-8073-C60C04645150}.Release|Win32.Build.0 = Release|Win32
		{C671E7A6-81D5-3E50-8073-C60C04645150}.MinSizeRel|Win32.ActiveCfg = MinSizeRel|Win32
		{C671E7A6-81D5-3E50-8073-C60C04645150}.MinSizeRel|Win32.Build.0 = MinSizeRel|Win32
		{C671E7A6-81D5-3E50-8073-C60C04645150}.RelWithDebInfo|Win32.ActiveCfg = RelWithDebInfo|Win32
		{C671E7A6-81D5-3E50-8073-C60C04645150}.RelWithDebInfo|Win32.Build.0 = RelWithDebInfo|Win32
		{363991DF-E59A-3013-AA1A-2141E1DCECE6}.Debug|Win32.ActiveCfg = Debug|Win32
		{363991DF-E59A-3013-AA1A-2141E1DCECE6}.Debug|Win32.Build.0 = Debug|Win32
		{363991DF-E59A-3013-AA1A-2141E1DCECE6}.Release|Win32.ActiveCfg = Release|Win32
		{363991DF-E59A-3013-AA1A-2141E1DCECE6}.Release|Win32.Build.0 = Release|Win32
		{363991DF-E59A-3013-AA1A-2141E1DCECE6}.MinSizeRel|Win32.ActiveCfg = MinSizeRel|Win32
		{363991DF-E59A-3013-AA1A-2141E1DCECE6}.MinSizeRel|Win32.Build.0 = MinSizeRel|Win32
		{363991DF-E59A-3013-AA1A-2141E1DCECE6}.RelWithDebInfo|Win32.ActiveCfg = RelWithDebInfo|Win32
		{363991DF-E59A-3013-AA1A-2141E1DCECE6}.RelWithDebInfo|Win32.Build.0 = RelWithDebInfo|Win32
		{0A5F5D5C-ACD3-3AFE-AE01-835E229EF89C}.Debug|Win32.ActiveCfg = Debug|Win32
		{0A5F5D5C-ACD3-3AFE-AE01-835E229EF89C}.Debug|Win32.Build.0 = Debug|Win32
		{0A5F5D5C-ACD3-3AFE-AE01-835E229EF89C}.Release|Win32.ActiveCfg = Release|Win32
		{0A5F5D5C-ACD3-3AFE-AE01-835E229EF89C}.Release|Win32.Build.0 = Release|Win32
		{0A5F5D5C-ACD3-3AFE-AE01-835E229EF89C}.MinSizeRel|Win32.ActiveCfg = MinSizeRel|Win32
		{0A5F5D5C-ACD3-3AFE-AE01-835E229EF89C}.MinSizeRel|Win32.Build.0 = MinSizeRel|Win32
		{0A5F5D5C-ACD3-3AFE-AE01-835E229EF89C}.RelWithDebInfo|Win32.ActiveCfg = RelWithDebInfo|Win32
		{0A5F5D5C-ACD3-3AFE-AE01-835E229EF89C}.RelWithDebInfo|Win32.Build.0 = RelWithDebInfo|Win32
		{45DB806F-F913-300F-A9CF-BA54FAE0294A}.Debug|Win32.ActiveCfg = Debug|Win32
		{45DB806F-F913-300F-A9CF-BA54FAE0294A}.Debug|Win32.Build.0 = Debug|Win32
		{45DB806F-F913-300F-A9CF-BA54FAE0294A}.Release|Win32.ActiveCfg = Release|Win32
		{45DB806F-F913-300F-A9CF-BA54FAE0294A}.Release|Win32.Build.0 = Release|Win32
		{45DB806F-F913-300F-A9CF-BA54FAE0294A}.MinSizeRel|Win32.ActiveCfg = MinSizeRel|Win32
		{45DB806F-F913-300F-A9CF-BA54FAE0294A}.MinSizeRel|Win32.Build.0 = MinSizeRel|Win32
		{45DB806F-F913-300F-A9CF-BA54FAE0294A}.RelWithDebInfo|Win32.ActiveCfg = RelWithDebInfo|Win32
		{45DB806F-F913-300F-A9CF-BA54FAE0294A}.RelWithDebInfo|Win32.Build.0 = RelWithDebInfo|Win32
		{F6EB5363-F3D7-3591-A546-096A1C580AEA}.Debug|Win32.ActiveCfg = Debug|Win32
		{F6EB5363-F3D7-3591-A546-096A1C580AEA}.Debug|Win32.Build.0 = Debug|Win32
		{F6EB5363-F3D7-3591-A546-096A1C580AEA}.Release|Win32.ActiveCfg = Release|Win32
		{F6EB5363-F3D7-3591-A546-096A1C580AEA}.Release|Win32.Build.0 = Release|Win32
		{F6EB5363-F3D7-3591-A546-096A1C580AEA}.MinSizeRel|Win32.ActiveCfg = MinSizeRel|Win32
		{F6EB5363-F3D7-3591-A546-096A1C580AEA}.MinSizeRel|Win32.Build.0 = MinSizeRel|Win32
		{F6EB5363-F3D7-3591-A546-096A1C580AEA}.RelWithDebInfo|Win32.ActiveCfg = RelWithDebInfo|Win32
		{F6EB5363-F3D7-3591-A546-096A1C580AEA}.RelWithDebInfo|Win32.Build.0 = RelWithDebInfo|Win32
		{DF47E8B3-FFB4-3DCB-A01F-56A70369C643}.Debug|Win32.ActiveCfg = Debug|Win32
		{DF47E8B3-FFB4-3DCB-A01F-56A70369C643}.Debug|Win32.Build.0 = Debug|Win32
		{DF47E8B3-FFB4-3DCB-A01F-56A70369C643}.Release|Win32.ActiveCfg = Release|Win32
		{DF47E8B3-FFB4-3DCB-A01F-56A70369C643}.Release|Win32.Build.0 = Release|Win32
		{DF47E8B3-FFB4-3DCB-A01F-56A70369C643}.MinSizeRel|Win32.ActiveCfg = MinSizeRel|Win32
		{DF47E8B3-FFB4-3DCB-A01F-56A70369C643}.MinSizeRel|Win32.Build.0 = MinSizeRel|Win32
		{DF47E8B3-FFB4-3DCB-A01F-56A70369C643}.RelWithDebInfo|Win32.ActiveCfg = RelWithDebInfo|Win32
		{DF47E8B3-FFB4-3DCB-A01F-56A70369C643}.RelWithDebInfo|Win32.Build.0 = RelWithDebInfo|Win32
		{268CF5AC-7B94-34A6-8E00-19EF81F02172}.Debug|Win32.ActiveCfg = Debug|Win32
		{268CF5AC-7B94-34A6-8E00-19EF81F02172}.Debug|Win32.Build.0 = Debug|Win32
		{268CF5AC-7B94-34A6-8E00-19EF81F02172}.Release|Win32.ActiveCfg = Release|Win32
		{268CF5AC-7B94-34A6-8E00-19EF81F02172}.Release|Win32.Build.0 = Release|Win32
		{268CF5AC-7B94-34A6-8E00-19EF81F02172}.MinSizeRel|Win32.ActiveCfg = MinSizeRel|Win32
		{268CF5AC-7B94-34A6-8E00-19EF81F02172}.MinSizeRel|Win32.Build.0 = MinSizeRel|Win32
		{268CF5AC-7B94-34A6-8E00-19EF81F02172}.RelWithDebInfo|Win32.ActiveCfg = RelWithDebInfo|Win32
		{268CF5AC-7B94-34A6-8E00-19EF81F02172}.RelWithDebInfo|Win32.Build.0 = RelWithDebInfo|Win32
		{EF35F2B6-BB57-36A3-BE13-D42B8BDF73BA}.Debug|Win32.ActiveCfg = Debug|Win32
		{EF35F2B6-BB57-36A3-BE13-D42B8BDF73BA}.Debug|Win32.Build.0 = Debug|Win32
		{EF35F2B6-BB57-36A3-BE13-D42B8BDF73BA}.Release|Win32.ActiveCfg = Release|Win32
		{EF35F2B6-BB57-36A3-BE13-D42B8BDF73BA}.Release|Win32.Build.0 = Release|Win32
		{EF35F2B6-BB57-36A3-BE13-D42B8BDF73BA}.MinSizeRel|Win32.ActiveCfg = MinSizeRel|Win32
		{EF35F2B6-BB57-36A3-BE13-D42B8BDF73BA}.MinSizeRel|Win32.Build.0 = MinSizeRel|Win32
		{EF35F2B6-BB57-36A3-BE13-D42B8BDF73BA}.RelWithDebInfo|Win32.ActiveCfg = RelWithDebInfo|Win32
		{EF35F2B6-BB57-36A3-BE13-D42B8BDF73BA}.RelWithDebInfo|Win32.Build.0 = RelWithDebInfo|Win32
		{15115820-08EB-3615-90CB-06AE184AB6FB}.Debug|Win32.ActiveCfg = Debug|Win32
		{15115820-08EB-3615-90CB-06AE184AB6FB}.Debug|Win32.Build.0 = Debug|Win32
		{15115820-08EB-3615-90CB-06AE184AB6FB}.Release|Win32.ActiveCfg = Release|Win32
		{15115820-08EB-3615-90CB-06AE184AB6FB}.Release|Win32.Build.0 = Release|Win32
		{15115820-08EB-3615-90CB-06AE184AB6FB}.MinSizeRel|Win32.ActiveCfg = MinSizeRel|Win32
		{15115820-08EB-3615-90CB-06AE184AB6FB}.MinSizeRel|Win32.Build.0 = MinSizeRel|Win32
		{15115820-08EB-3615-90CB-06AE184AB6FB}.RelWithDebInfo|Win32.ActiveCfg = RelWithDebInfo|Win32
		{15115820-08EB-3615-90CB-06AE184AB6FB}.RelWithDebInfo|Win32.Build.0 = RelWithDebInfo|Win32
		{BD6D7686-9CEE-315C-9812-EBB32A1342EF}.Debug|Win32.ActiveCfg = Debug|Win32
		{BD6D7686-9CEE-315C-9812-EBB32A1342EF}.Debug|Win32.Build.0 = Debug|Win32
		{BD6D7686-9CEE-315C-9812-EBB32A1342EF}.Release|Win32.ActiveCfg = Release|Win32
		{BD6D7686-9CEE-315C-9812-EBB32A1342EF}.Release|Win32.Build.0 = Release|Win32
		{BD6D7686-9CEE-315C-9812-EBB32A1342EF}.MinSizeRel|Win32.ActiveCfg = MinSizeRel|Win32
		{BD6D7686-9CEE-315C-9812-EBB32A1342EF}.MinSizeRel|Win32.Build.0 = MinSizeRel|Win32
		{BD6D7686-9CEE-315C-9812-EBB32A1342EF}.RelWithDebInfo|Win32.ActiveCfg = RelWithDebInfo|Win32
		{BD6D7686-9CEE-315C-9812-EBB32A1342EF}.RelWithDebInfo|Win32.Build.0 = RelWithDebInfo|Win32
		{AE2AC7E8-AF09-3BEF-9FE6-982354E6B012}.Debug|Win32.ActiveCfg = Debug|Win32
		{AE2AC7E8-AF09-3BEF-9FE6-982354E6B012}.Debug|Win32.Build.0 = Debug|Win32
		{AE2AC7E8-AF09-3BEF-9FE6-982354E6B012}.Release|Win32.ActiveCfg = Release|Win32
		{AE2AC7E8-AF09-3BEF-9FE6-982354E6B012}.Release|Win32.Build.0 = Release|Win32
		{AE2AC7E8-AF09-3BEF-9FE6-982354E6B012}.MinSizeRel|Win32.ActiveCfg = MinSizeRel|Win32
		{AE2AC7E8-AF09-3BEF-9FE6-982354E6B012}.MinSizeRel|Win32.Build.0 = MinSizeRel|Win32
		{AE2AC7E8-AF09-3BEF-9FE6-982354E6B012}.RelWithDebInfo|Win32.ActiveCfg = RelWithDebInfo|Win32
		{AE2AC7E8-AF09-3BEF-9FE6-982354E6B012}.RelWithDebInfo|Win32.Build.0 = RelWithDebInfo|Win32
		{0104F0F0-4DBE-3F52-AE02-C8F60DD51BC8}.Debug|Win32.ActiveCfg = Debug|Win32
		{0104F0F0-4DBE-3F52-AE02-C8F60DD51BC8}.Debug|Win32.Build.0 = Debug|Win32
		{0104F0F0-4DBE-3F52-AE02-C8F60DD51BC8}.Release|Win32.ActiveCfg = Release|Win32
		{0104F0F0-4DBE-3F52-AE02-C8F60DD51BC8}.Release|Win32.Build.0 = Release|Win32
		{0104F0F0-4DBE-3F52-AE02-C8F60DD51BC8}.MinSizeRel|Win32.ActiveCfg = MinSizeRel|Win32
		{0104F0F0-4DBE-3F52-AE02-C8F60DD51BC8}.MinSizeRel|Win32.Build.0 = MinSizeRel|Win32
		{0104F0F0-4DBE-3F52-AE02-C8F60DD51BC8}.RelWithDebInfo|Win32.ActiveCfg = RelWithDebInfo|Win32
		{0104F0F0-4DBE-3F52-AE02-C8F60DD51BC8}.RelWithDebInfo|Win32.Build.0 = RelWithDebInfo|Win32
		{7DBDFFDF-819D-3DE9-8B84-94E78F73A09E}.Debug|Win32.ActiveCfg = Debug|Win32
		{7DBDFFDF-819D-3DE9-8B84-94E78F73A09E}.Debug|Win32.Build.0 = Debug|Win32
		{7DBDFFDF-819D-3DE9-8B84-94E78F73A09E}.Release|Win32.ActiveCfg = Release|Win32
		{7DBDFFDF-819D-3DE9-8B84-94E78F73A09E}.Release|Win32.Build.0 = Release|Win32
		{7DBDFFDF-819D-3DE9-8B84-94E78F73A09E}.MinSizeRel|Win32.ActiveCfg = MinSizeRel|Win32
		{7DBDFFDF-819D-3DE9-8B84-94E78F73A09E}.MinSizeRel|Win32.Build.0 = MinSizeRel|Win32
		{7DBDFFDF-819D-3DE9-8B84-94E78F73A09E}.RelWithDebInfo|Win32.ActiveCfg = RelWithDebInfo|Win32
		{7DBDFFDF-819D-3DE9-8B84-94E78F73A09E}.RelWithDebInfo|Win32.Build.0 = RelWithDebInfo|Win32
		{2A1070FA-9A5C-38B3-AA3D-FF9EC8D6657D}.Debug|Win32.ActiveCfg = Debug|Win32
		{2A1070FA-9A5C-38B3-AA3D-FF9EC8D6657D}.Debug|Win32.Build.0 = Debug|Win32
		{2A1070FA-9A5C-38B3-AA3D-FF9EC8D6657D}.Release|Win32.ActiveCfg = Release|Win32
		{2A1070FA-9A5C-38B3-AA3D-FF9EC8D6657D}.Release|Win32.Build.0 = Release|Win32
		{2A1070FA-9A5C-38B3-AA3D-FF9EC8D6657D}.MinSizeRel|Win32.ActiveCfg = MinSizeRel|Win32
		{2A1070FA-9A5C-38B3-AA3D-FF9EC8D6657D}.MinSizeRel|Win32.Build.0 = MinSizeRel|Win32
		{2A1070FA-9A5C-38B3-AA3D-FF9EC8D6657D}.RelWithDebInfo|Win32.ActiveCfg = RelWithDebInfo|Win32
		{2A1070FA-9A5C-38B3-AA3D-FF9EC8D6657D}.RelWithDebInfo|Win32.Build.0 = RelWithDebInfo|Win32
		{AEAEAF93-D9A9-351A-9C05-66C04BBFFFB0}.Debug|Win32.ActiveCfg = Debug|Win32
		{AEAEAF93-D9A9-351A-9C05-66C04BBFFFB0}.Debug|Win32.Build.0 = Debug|Win32
		{AEAEAF93-D9A9-351A-9C05-66C04BBFFFB0}.Release|Win32.ActiveCfg = Release|Win32
		{AEAEAF93-D9A9-351A-9C05-66C04BBFFFB0}.Release|Win32.Build.0 = Release|Win32
		{AEAEAF93-D9A9-351A-9C05-66C04BBFFFB0}.MinSizeRel|Win32.ActiveCfg = MinSizeRel|Win32
		{AEAEAF93-D9A9-351A-9C05-66C04BBFFFB0}.MinSizeRel|Win32.Build.0 = MinSizeRel|Win32
		{AEAEAF93-D9A9-351A-9C05-66C04BBFFFB0}.RelWithDebInfo|Win32.ActiveCfg = RelWithDebInfo|Win32
		{AEAEAF93-D9A9-351A-9C05-66C04BBFFFB0}.RelWithDebInfo|Win32.Build.0 = RelWithDebInfo|Win32
		{8DAEB659-A75E-3614-93B5-589E16136C29}.Debug|Win32.ActiveCfg = Debug|Win32
		{8DAEB659-A75E-3614-93B5-589E16136C29}.Debug|Win32.Build.0 = Debug|Win32
		{8DAEB659-A75E-3614-93B5-589E16136C29}.Release|Win32.ActiveCfg = Release|Win32
		{8DAEB659-A75E-3614-93B5-589E16136C29}.Release|Win32.Build.0 = Release|Win32
		{8DAEB659-A75E-3614-93B5-589E16136C29}.MinSizeRel|Win32.ActiveCfg = MinSizeRel|Win32
		{8DAEB659-A75E-3614-93B5-589E16136C29}.MinSizeRel|Win32.Build.0 = MinSizeRel|Win32
		{8DAEB659-A75E-3614-93B5-589E16136C29}.RelWithDebInfo|Win32.ActiveCfg = RelWithDebInfo|Win32
		{8DAEB659-A75E-3614-93B5-589E16136C29}.RelWithDebInfo|Win32.Build.0 = RelWithDebInfo|Win32
		{673F8ED4-5AA6-39EC-8F69-469B74B32A9C}.Debug|Win32.ActiveCfg = Debug|Win32
		{673F8ED4-5AA6-39EC-8F69-469B74B32A9C}.Debug|Win32.Build.0 = Debug|Win32
		{673F8ED4-5AA6-39EC-8F69-469B74B32A9C}.Release|Win32.ActiveCfg = Release|Win32
		{673F8ED4-5AA6-39EC-8F69-469B74B32A9C}.Release|Win32.Build.0 = Release|Win32
		{673F8ED4-5AA6-39EC-8F69-469B74B32A9C}.MinSizeRel|Win32.ActiveCfg = MinSizeRel|Win32
		{673F8ED4-5AA6-39EC-8F69-469B74B32A9C}.MinSizeRel|Win32.Build.0 = MinSizeRel|Win32
		{673F8ED4-5AA6-39EC-8F69-469B74B32A9C}.RelWithDebInfo|Win32.ActiveCfg = RelWithDebInfo|Win32
		{673F8ED4-5AA6-39EC-8F69-469B74B32A9C}.RelWithDebInfo|Win32.Build.0 = RelWithDebInfo|Win32
		{F7D4AD97-A2C5-377B-926D-41412EE2926C}.Debug|Win32.ActiveCfg = Debug|Win32
		{F7D4AD97-A2C5-377B-926D-41412EE2926C}.Debug|Win32.Build.0 = Debug|Win32
		{F7D4AD97-A2C5-377B-926D-41412EE2926C}.Release|Win32.ActiveCfg = Release|Win32
		{F7D4AD97-A2C5-377B-926D-41412EE2926C}.Release|Win32.Build.0 = Release|Win32
		{F7D4AD97-A2C5-377B-926D-41412EE2926C}.MinSizeRel|Win32.ActiveCfg = MinSizeRel|Win32
		{F7D4AD97-A2C5-377B-926D-41412EE2926C}.MinSizeRel|Win32.Build.0 = MinSizeRel|Win32
		{F7D4AD97-A2C5-377B-926D-41412EE2926C}.RelWithDebInfo|Win32.ActiveCfg = RelWithDebInfo|Win32
		{F7D4AD97-A2C5-377B-926D-41412EE2926C}.RelWithDebInfo|Win32.Build.0 = RelWithDebInfo|Win32
		{8E59168B-A2BB-3D43-95E3-A2F903051A75}.Debug|Win32.ActiveCfg = Debug|Win32
		{8E59168B-A2BB-3D43-95E3-A2F903051A75}.Debug|Win32.Build.0 = Debug|Win32
		{8E59168B-A2BB-3D43-95E3-A2F903051A75}.Release|Win32.ActiveCfg = Release|Win32
		{8E59168B-A2BB-3D43-95E3-A2F903051A75}.Release|Win32.Build.0 = Release|Win32
		{8E59168B-A2BB-3D43-95E3-A2F903051A75}.MinSizeRel|Win32.ActiveCfg = MinSizeRel|Win32
		{8E59168B-A2BB-3D43-95E3-A2F903051A75}.MinSizeRel|Win32.Build.0 = MinSizeRel|Win32
		{8E59168B-A2BB-3D43-95E3-A2F903051A75}.RelWithDebInfo|Win32.ActiveCfg = RelWithDebInfo|Win32
		{8E59168B-A2BB-3D43-95E3-A2F903051A75}.RelWithDebInfo|Win32.Build.0 = RelWithDebInfo|Win32
		{08A860F6-BFE0-337D-A445-2263BE4C0E83}.Debug|Win32.ActiveCfg = Debug|Win32
		{08A860F6-BFE0-337D-A445-2263BE4C0E83}.Debug|Win32.Build.0 = Debug|Win32
		{08A860F6-BFE0-337D-A445-2263BE4C0E83}.Release|Win32.ActiveCfg = Release|Win32
		{08A860F6-BFE0-337D-A445-2263BE4C0E83}.Release|Win32.Build.0 = Release|Win32
		{08A860F6-BFE0-337D-A445-2263BE4C0E83}.MinSizeRel|Win32.ActiveCfg = MinSizeRel|Win32
		{08A860F6-BFE0-337D-A445-2263BE4C0E83}.MinSizeRel|Win32.Build.0 = MinSizeRel|Win32
		{08A860F6-BFE0-337D-A445-2263BE4C0E83}.RelWithDebInfo|Win32.ActiveCfg = RelWithDebInfo|Win32
		{08A860F6-BFE0-337D-A445-2263BE4C0E83}.RelWithDebInfo|Win32.Build.0 = RelWithDebInfo|Win32
		{F4B2D23A-4B17-3CB4-B8D1-5460FF57B992}.Debug|Win32.ActiveCfg = Debug|Win32
		{F4B2D23A-4B17-3CB4-B8D1-5460FF57B992}.Debug|Win32.Build.0 = Debug|Win32
		{F4B2D23A-4B17-3CB4-B8D1-5460FF57B992}.Release|Win32.ActiveCfg = Release|Win32
		{F4B2D23A-4B17-3CB4-B8D1-5460FF57B992}.Release|Win32.Build.0 = Release|Win32
		{F4B2D23A-4B17-3CB4-B8D1-5460FF57B992}.MinSizeRel|Win32.ActiveCfg = MinSizeRel|Win32
		{F4B2D23A-4B17-3CB4-B8D1-5460FF57B992}.MinSizeRel|Win32.Build.0 = MinSizeRel|Win32
		{F4B2D23A-4B17-3CB4-B8D1-5460FF57B992}.RelWithDebInfo|Win32.ActiveCfg = RelWithDebInfo|Win32
		{F4B2D23A-4B17-3CB4-B8D1-5460FF57B992}.RelWithDebInfo|Win32.Build.0 = RelWithDebInfo|Win32
		{5C4CEA8B-4B31-3DDB-B3DA-79BE09F04E4C}.Debug|Win32.ActiveCfg = Debug|Win32
		{5C4CEA8B-4B31-3DDB-B3DA-79BE09F04E4C}.Debug|Win32.Build.0 = Debug|Win32
		{5C4CEA8B-4B31-3DDB-B3DA-79BE09F04E4C}.Release|Win32.ActiveCfg = Release|Win32
		{5C4CEA8B-4B31-3DDB-B3DA-79BE09F04E4C}.Release|Win32.Build.0 = Release|Win32
		{5C4CEA8B-4B31-3DDB-B3DA-79BE09F04E4C}.MinSizeRel|Win32.ActiveCfg = MinSizeRel|Win32
		{5C4CEA8B-4B31-3DDB-B3DA-79BE09F04E4C}.MinSizeRel|Win32.Build.0 = MinSizeRel|Win32
		{5C4CEA8B-4B31-3DDB-B3DA-79BE09F04E4C}.RelWithDebInfo|Win32.ActiveCfg = RelWithDebInfo|Win32
		{5C4CEA8B-4B31-3DDB-B3DA-79BE09F04E4C}.RelWithDebInfo|Win32.Build.0 = RelWithDebInfo|Win32
		{BD7C51D5-C86E-3DD1-AD03-8EEC2294CCDD}.Debug|Win32.ActiveCfg = Debug|Win32
		{BD7C51D5-C86E-3DD1-AD03-8EEC2294CCDD}.Debug|Win32.Build.0 = Debug|Win32
		{BD7C51D5-C86E-3DD1-AD03-8EEC2294CCDD}.Release|Win32.ActiveCfg = Release|Win32
		{BD7C51D5-C86E-3DD1-AD03-8EEC2294CCDD}.Release|Win32.Build.0 = Release|Win32
		{BD7C51D5-C86E-3DD1-AD03-8EEC2294CCDD}.MinSizeRel|Win32.ActiveCfg = MinSizeRel|Win32
		{BD7C51D5-C86E-3DD1-AD03-8EEC2294CCDD}.MinSizeRel|Win32.Build.0 = MinSizeRel|Win32
		{BD7C51D5-C86E-3DD1-AD03-8EEC2294CCDD}.RelWithDebInfo|Win32.ActiveCfg = RelWithDebInfo|Win32
		{BD7C51D5-C86E-3DD1-AD03-8EEC2294CCDD}.RelWithDebInfo|Win32.Build.0 = RelWithDebInfo|Win32
		{F5ABF01B-C8AF-361F-BDFF-6F741EAE467E}.Debug|Win32.ActiveCfg = Debug|Win32
		{F5ABF01B-C8AF-361F-BDFF-6F741EAE467E}.Debug|Win32.Build.0 = Debug|Win32
		{F5ABF01B-C8AF-361F-BDFF-6F741EAE467E}.Release|Win32.ActiveCfg = Release|Win32
		{F5ABF01B-C8AF-361F-BDFF-6F741EAE467E}.Release|Win32.Build.0 = Release|Win32
		{F5ABF01B-C8AF-361F-BDFF-6F741EAE467E}.MinSizeRel|Win32.ActiveCfg = MinSizeRel|Win32
		{F5ABF01B-C8AF-361F-BDFF-6F741EAE467E}.MinSizeRel|Win32.Build.0 = MinSizeRel|Win32
		{F5ABF01B-C8AF-361F-BDFF-6F741EAE467E}.RelWithDebInfo|Win32.ActiveCfg = RelWithDebInfo|Win32
		{F5ABF01B-C8AF-361F-BDFF-6F741EAE467E}.RelWithDebInfo|Win32.Build.0 = RelWithDebInfo|Win32
		{4E85FA95-F28A-334A-BCCC-A4D5075BFBA5}.Debug|Win32.ActiveCfg = Debug|Win32
		{4E85FA95-F28A-334A-BCCC-A4D5075BFBA5}.Debug|Win32.Build.0 = Debug|Win32
		{4E85FA95-F28A-334A-BCCC-A4D5075BFBA5}.Release|Win32.ActiveCfg = Release|Win32
		{4E85FA95-F28A-334A-BCCC-A4D5075BFBA5}.Release|Win32.Build.0 = Release|Win32
		{4E85FA95-F28A-334A-BCCC-A4D5075BFBA5}.MinSizeRel|Win32.ActiveCfg = MinSizeRel|Win32
		{4E85FA95-F28A-334A-BCCC-A4D5075BFBA5}.MinSizeRel|Win32.Build.0 = MinSizeRel|Win32
		{4E85FA95-F28A-334A-BCCC-A4D5075BFBA5}.RelWithDebInfo|Win32.ActiveCfg = RelWithDebInfo|Win32
		{4E85FA95-F28A-334A-BCCC-A4D5075BFBA5}.RelWithDebInfo|Win32.Build.0 = RelWithDebInfo|Win32
		{53BF1F00-0413-34AB-8E46-D37A42507234}.Debug|Win32.ActiveCfg = Debug|Win32
		{53BF1F00-0413-34AB-8E46-D37A42507234}.Debug|Win32.Build.0 = Debug|Win32
		{53BF1F00-0413-34AB-8E46-D37A42507234}.Release|Win32.ActiveCfg = Release|Win32
		{53BF1F00-0413-34AB-8E46-D37A42507234}.Release|Win32.Build.0 = Release|Win32
		{53BF1F00-0413-34AB-8E46-D37A42507234}.MinSizeRel|Win32.ActiveCfg = MinSizeRel|Win32
		{53BF1F00-0413-34AB-8E46-D37A42507234}.MinSizeRel|Win32.Build.0 = MinSizeRel|Win32
		{53BF1F00-0413-34AB-8E46-D37A42507234}.RelWithDebInfo|Win32.ActiveCfg = RelWithDebInfo|Win32
		{53BF1F00-0413-34AB-8E46-D37A42507234}.RelWithDebInfo|Win32.Build.0 = RelWithDebInfo|Win32
		{D5ADC4D4-0F1F-3B74-A295-62DC6AD0450F}.Debug|Win32.ActiveCfg = Debug|Win32
		{D5ADC4D4-0F1F-3B74-A295-62DC6AD0450F}.Debug|Win32.Build.0 = Debug|Win32
		{D5ADC4D4-0F1F-3B74-A295-62DC6AD0450F}.Release|Win32.ActiveCfg = Release|Win32
		{D5ADC4D4-0F1F-3B74-A295-62DC6AD0450F}.Release|Win32.Build.0 = Release|Win32
		{D5ADC4D4-0F1F-3B74-A295-62DC6AD0450F}.MinSizeRel|Win32.ActiveCfg = MinSizeRel|Win32
		{D5ADC4D4-0F1F-3B74-A295-62DC6AD0450F}.MinSizeRel|Win32.Build.0 = MinSizeRel|Win32
		{D5ADC4D4-0F1F-3B74-A295-62DC6AD0450F}.RelWithDebInfo|Win32.ActiveCfg = RelWithDebInfo|Win32
		{D5ADC4D4-0F1F-3B74-A295-62DC6AD0450F}.RelWithDebInfo|Win32.Build.0 = RelWithDebInfo|Win32
		{815EDE56-2B39-3A07-ACF1-160FC94DC55E}.Debug|Win32.ActiveCfg = Debug|Win32
		{815EDE56-2B39-3A07-ACF1-160FC94DC55E}.Debug|Win32.Build.0 = Debug|Win32
		{815EDE56-2B39-3A07-ACF1-160FC94DC55E}.Release|Win32.ActiveCfg = Release|Win32
		{815EDE56-2B39-3A07-ACF1-160FC94DC55E}.Release|Win32.Build.0 = Release|Win32
		{815EDE56-2B39-3A07-ACF1-160FC94DC55E}.MinSizeRel|Win32.ActiveCfg = MinSizeRel|Win32
		{815EDE56-2B39-3A07-ACF1-160FC94DC55E}.MinSizeRel|Win32.Build.0 = MinSizeRel|Win32
		{815EDE56-2B39-3A07-ACF1-160FC94DC55E}.RelWithDebInfo|Win32.ActiveCfg = RelWithDebInfo|Win32
		{815EDE56-2B39-3A07-ACF1-160FC94DC55E}.RelWithDebInfo|Win32.Build.0 = RelWithDebInfo|Win32
		{6E8C8F91-1CD3-33DD-914A-6BBC3ED18C51}.Debug|Win32.ActiveCfg = Debug|Win32
		{6E8C8F91-1CD3-33DD-914A-6BBC3ED18C51}.Debug|Win32.Build.0 = Debug|Win32
		{6E8C8F91-1CD3-33DD-914A-6BBC3ED18C51}.Release|Win32.ActiveCfg = Release|Win32
		{6E8C8F91-1CD3-33DD-914A-6BBC3ED18C51}.Release|Win32.Build.0 = Release|Win32
		{6E8C8F91-1CD3-33DD-914A-6BBC3ED18C51}.MinSizeRel|Win32.ActiveCfg = MinSizeRel|Win32
		{6E8C8F91-1CD3-33DD-914A-6BBC3ED18C51}.MinSizeRel|Win32.Build.0 = MinSizeRel|Win32
		{6E8C8F91-1CD3-33DD-914A-6BBC3ED18C51}.RelWithDebInfo|Win32.ActiveCfg = RelWithDebInfo|Win32
		{6E8C8F91-1CD3-33DD-914A-6BBC3ED18C51}.RelWithDebInfo|Win32.Build.0 = RelWithDebInfo|Win32
		{CECD3922-4422-3CD6-9E60-6F6559F0D9B0}.Debug|Win32.ActiveCfg = Debug|Win32
		{CECD3922-4422-3CD6-9E60-6F6559F0D9B0}.Debug|Win32.Build.0 = Debug|Win32
		{CECD3922-4422-3CD6-9E60-6F6559F0D9B0}.Release|Win32.ActiveCfg = Release|Win32
		{CECD3922-4422-3CD6-9E60-6F6559F0D9B0}.Release|Win32.Build.0 = Release|Win32
		{CECD3922-4422-3CD6-9E60-6F6559F0D9B0}.MinSizeRel|Win32.ActiveCfg = MinSizeRel|Win32
		{CECD3922-4422-3CD6-9E60-6F6559F0D9B0}.MinSizeRel|Win32.Build.0 = MinSizeRel|Win32
		{CECD3922-4422-3CD6-9E60-6F6559F0D9B0}.RelWithDebInfo|Win32.ActiveCfg = RelWithDebInfo|Win32
		{CECD3922-4422-3CD6-9E60-6F6559F0D9B0}.RelWithDebInfo|Win32.Build.0 = RelWithDebInfo|Win32
		{BAD7B79E-30DB-34C6-AF55-F6434A822782}.Debug|Win32.ActiveCfg = Debug|Win32
		{BAD7B79E-30DB-34C6-AF55-F6434A822782}.Debug|Win32.Build.0 = Debug|Win32
		{BAD7B79E-30DB-34C6-AF55-F6434A822782}.Release|Win32.ActiveCfg = Release|Win32
		{BAD7B79E-30DB-34C6-AF55-F6434A822782}.Release|Win32.Build.0 = Release|Win32
		{BAD7B79E-30DB-34C6-AF55-F6434A822782}.MinSizeRel|Win32.ActiveCfg = MinSizeRel|Win32
		{BAD7B79E-30DB-34C6-AF55-F6434A822782}.MinSizeRel|Win32.Build.0 = MinSizeRel|Win32
		{BAD7B79E-30DB-34C6-AF55-F6434A822782}.RelWithDebInfo|Win32.ActiveCfg = RelWithDebInfo|Win32
		{BAD7B79E-30DB-34C6-AF55-F6434A822782}.RelWithDebInfo|Win32.Build.0 = RelWithDebInfo|Win32
		{84D90FC2-E6B9-38C5-8A04-89CE0348961D}.Debug|Win32.ActiveCfg = Debug|Win32
		{84D90FC2-E6B9-38C5-8A04-89CE0348961D}.Debug|Win32.Build.0 = Debug|Win32
		{84D90FC2-E6B9-38C5-8A04-89CE0348961D}.Release|Win32.ActiveCfg = Release|Win32
		{84D90FC2-E6B9-38C5-8A04-89CE0348961D}.Release|Win32.Build.0 = Release|Win32
		{84D90FC2-E6B9-38C5-8A04-89CE0348961D}.MinSizeRel|Win32.ActiveCfg = MinSizeRel|Win32
		{84D90FC2-E6B9-38C5-8A04-89CE0348961D}.MinSizeRel|Win32.Build.0 = MinSizeRel|Win32
		{84D90FC2-E6B9-38C5-8A04-89CE0348961D}.RelWithDebInfo|Win32.ActiveCfg = RelWithDebInfo|Win32
		{84D90FC2-E6B9-38C5-8A04-89CE0348961D}.RelWithDebInfo|Win32.Build.0 = RelWithDebInfo|Win32
		{2C401521-5C22-3550-B1B3-A673E0F07F13}.Debug|Win32.ActiveCfg = Debug|Win32
		{2C401521-5C22-3550-B1B3-A673E0F07F13}.Debug|Win32.Build.0 = Debug|Win32
		{2C401521-5C22-3550-B1B3-A673E0F07F13}.Release|Win32.ActiveCfg = Release|Win32
		{2C401521-5C22-3550-B1B3-A673E0F07F13}.Release|Win32.Build.0 = Release|Win32
		{2C401521-5C22-3550-B1B3-A673E0F07F13}.MinSizeRel|Win32.ActiveCfg = MinSizeRel|Win32
		{2C401521-5C22-3550-B1B3-A673E0F07F13}.MinSizeRel|Win32.Build.0 = MinSizeRel|Win32
		{2C401521-5C22-3550-B1B3-A673E0F07F13}.RelWithDebInfo|Win32.ActiveCfg = RelWithDebInfo|Win32
		{2C401521-5C22-3550-B1B3-A673E0F07F13}.RelWithDebInfo|Win32.Build.0 = RelWithDebInfo|Win32
		{9C24AEAB-6B70-3926-9F2E-17C25FBDF77E}.Debug|Win32.ActiveCfg = Debug|Win32
		{9C24AEAB-6B70-3926-9F2E-17C25FBDF77E}.Debug|Win32.Build.0 = Debug|Win32
		{9C24AEAB-6B70-3926-9F2E-17C25FBDF77E}.Release|Win32.ActiveCfg = Release|Win32
		{9C24AEAB-6B70-3926-9F2E-17C25FBDF77E}.Release|Win32.Build.0 = Release|Win32
		{9C24AEAB-6B70-3926-9F2E-17C25FBDF77E}.MinSizeRel|Win32.ActiveCfg = MinSizeRel|Win32
		{9C24AEAB-6B70-3926-9F2E-17C25FBDF77E}.MinSizeRel|Win32.Build.0 = MinSizeRel|Win32
		{9C24AEAB-6B70-3926-9F2E-17C25FBDF77E}.RelWithDebInfo|Win32.ActiveCfg = RelWithDebInfo|Win32
		{9C24AEAB-6B70-3926-9F2E-17C25FBDF77E}.RelWithDebInfo|Win32.Build.0 = RelWithDebInfo|Win32
		{6C6328FD-8BB9-3CED-B3D2-835529547DAA}.Debug|Win32.ActiveCfg = Debug|Win32
		{6C6328FD-8BB9-3CED-B3D2-835529547DAA}.Debug|Win32.Build.0 = Debug|Win32
		{6C6328FD-8BB9-3CED-B3D2-835529547DAA}.Release|Win32.ActiveCfg = Release|Win32
		{6C6328FD-8BB9-3CED-B3D2-835529547DAA}.Release|Win32.Build.0 = Release|Win32
		{6C6328FD-8BB9-3CED-B3D2-835529547DAA}.MinSizeRel|Win32.ActiveCfg = MinSizeRel|Win32
		{6C6328FD-8BB9-3CED-B3D2-835529547DAA}.MinSizeRel|Win32.Build.0 = MinSizeRel|Win32
		{6C6328FD-8BB9-3CED-B3D2-835529547DAA}.RelWithDebInfo|Win32.ActiveCfg = RelWithDebInfo|Win32
		{6C6328FD-8BB9-3CED-B3D2-835529547DAA}.RelWithDebInfo|Win32.Build.0 = RelWithDebInfo|Win32
		{8386E3AB-4087-3BB3-A6DF-FEA31C9EE5A7}.Debug|Win32.ActiveCfg = Debug|Win32
		{8386E3AB-4087-3BB3-A6DF-FEA31C9EE5A7}.Debug|Win32.Build.0 = Debug|Win32
		{8386E3AB-4087-3BB3-A6DF-FEA31C9EE5A7}.Release|Win32.ActiveCfg = Release|Win32
		{8386E3AB-4087-3BB3-A6DF-FEA31C9EE5A7}.Release|Win32.Build.0 = Release|Win32
		{8386E3AB-4087-3BB3-A6DF-FEA31C9EE5A7}.MinSizeRel|Win32.ActiveCfg = MinSizeRel|Win32
		{8386E3AB-4087-3BB3-A6DF-FEA31C9EE5A7}.MinSizeRel|Win32.Build.0 = MinSizeRel|Win32
		{8386E3AB-4087-3BB3-A6DF-FEA31C9EE5A7}.RelWithDebInfo|Win32.ActiveCfg = RelWithDebInfo|Win32
		{8386E3AB-4087-3BB3-A6DF-FEA31C9EE5A7}.RelWithDebInfo|Win32.Build.0 = RelWithDebInfo|Win32
		{E7FA7A37-0D90-3152-948A-65FAC6C9B37B}.Debug|Win32.ActiveCfg = Debug|Win32
		{E7FA7A37-0D90-3152-948A-65FAC6C9B37B}.Debug|Win32.Build.0 = Debug|Win32
		{E7FA7A37-0D90-3152-948A-65FAC6C9B37B}.Release|Win32.ActiveCfg = Release|Win32
		{E7FA7A37-0D90-3152-948A-65FAC6C9B37B}.Release|Win32.Build.0 = Release|Win32
		{E7FA7A37-0D90-3152-948A-65FAC6C9B37B}.MinSizeRel|Win32.ActiveCfg = MinSizeRel|Win32
		{E7FA7A37-0D90-3152-948A-65FAC6C9B37B}.MinSizeRel|Win32.Build.0 = MinSizeRel|Win32
		{E7FA7A37-0D90-3152-948A-65FAC6C9B37B}.RelWithDebInfo|Win32.ActiveCfg = RelWithDebInfo|Win32
		{E7FA7A37-0D90-3152-948A-65FAC6C9B37B}.RelWithDebInfo|Win32.Build.0 = RelWithDebInfo|Win32
		{A6186539-9B56-332F-BCFF-E8B5D37B8540}.Debug|Win32.ActiveCfg = Debug|Win32
		{A6186539-9B56-332F-BCFF-E8B5D37B8540}.Debug|Win32.Build.0 = Debug|Win32
		{A6186539-9B56-332F-BCFF-E8B5D37B8540}.Release|Win32.ActiveCfg = Release|Win32
		{A6186539-9B56-332F-BCFF-E8B5D37B8540}.Release|Win32.Build.0 = Release|Win32
		{A6186539-9B56-332F-BCFF-E8B5D37B8540}.MinSizeRel|Win32.ActiveCfg = MinSizeRel|Win32
		{A6186539-9B56-332F-BCFF-E8B5D37B8540}.MinSizeRel|Win32.Build.0 = MinSizeRel|Win32
		{A6186539-9B56-332F-BCFF-E8B5D37B8540}.RelWithDebInfo|Win32.ActiveCfg = RelWithDebInfo|Win32
		{A6186539-9B56-332F-BCFF-E8B5D37B8540}.RelWithDebInfo|Win32.Build.0 = RelWithDebInfo|Win32
		{80E40DE8-7803-3AEF-87C6-C384C43FDD25}.Debug|Win32.ActiveCfg = Debug|Win32
		{80E40DE8-7803-3AEF-87C6-C384C43FDD25}.Debug|Win32.Build.0 = Debug|Win32
		{80E40DE8-7803-3AEF-87C6-C384C43FDD25}.Release|Win32.ActiveCfg = Release|Win32
		{80E40DE8-7803-3AEF-87C6-C384C43FDD25}.Release|Win32.Build.0 = Release|Win32
		{80E40DE8-7803-3AEF-87C6-C384C43FDD25}.MinSizeRel|Win32.ActiveCfg = MinSizeRel|Win32
		{80E40DE8-7803-3AEF-87C6-C384C43FDD25}.MinSizeRel|Win32.Build.0 = MinSizeRel|Win32
		{80E40DE8-7803-3AEF-87C6-C384C43FDD25}.RelWithDebInfo|Win32.ActiveCfg = RelWithDebInfo|Win32
		{80E40DE8-7803-3AEF-87C6-C384C43FDD25}.RelWithDebInfo|Win32.Build.0 = RelWithDebInfo|Win32
		{13A0308E-15B9-3DB1-8053-DDB045CB5888}.Debug|Win32.ActiveCfg = Debug|Win32
		{13A0308E-15B9-3DB1-8053-DDB045CB5888}.Debug|Win32.Build.0 = Debug|Win32
		{13A0308E-15B9-3DB1-8053-DDB045CB5888}.Release|Win32.ActiveCfg = Release|Win32
		{13A0308E-15B9-3DB1-8053-DDB045CB5888}.Release|Win32.Build.0 = Release|Win32
		{13A0308E-15B9-3DB1-8053-DDB045CB5888}.MinSizeRel|Win32.ActiveCfg = MinSizeRel|Win32
		{13A0308E-15B9-3DB1-8053-DDB045CB5888}.MinSizeRel|Win32.Build.0 = MinSizeRel|Win32
		{13A0308E-15B9-3DB1-8053-DDB045CB5888}.RelWithDebInfo|Win32.ActiveCfg = RelWithDebInfo|Win32
		{13A0308E-15B9-3DB1-8053-DDB045CB5888}.RelWithDebInfo|Win32.Build.0 = RelWithDebInfo|Win32
		{6C01ADBD-14D6-350A-AE97-39A2FF3C803F}.Debug|Win32.ActiveCfg = Debug|Win32
		{6C01ADBD-14D6-350A-AE97-39A2FF3C803F}.Debug|Win32.Build.0 = Debug|Win32
		{6C01ADBD-14D6-350A-AE97-39A2FF3C803F}.Release|Win32.ActiveCfg = Release|Win32
		{6C01ADBD-14D6-350A-AE97-39A2FF3C803F}.Release|Win32.Build.0 = Release|Win32
		{6C01ADBD-14D6-350A-AE97-39A2FF3C803F}.MinSizeRel|Win32.ActiveCfg = MinSizeRel|Win32
		{6C01ADBD-14D6-350A-AE97-39A2FF3C803F}.MinSizeRel|Win32.Build.0 = MinSizeRel|Win32
		{6C01ADBD-14D6-350A-AE97-39A2FF3C803F}.RelWithDebInfo|Win32.ActiveCfg = RelWithDebInfo|Win32
		{6C01ADBD-14D6-350A-AE97-39A2FF3C803F}.RelWithDebInfo|Win32.Build.0 = RelWithDebInfo|Win32
		{AFEDF1C8-BD4B-3C51-B00C-A419EE401310}.Debug|Win32.ActiveCfg = Debug|Win32
		{AFEDF1C8-BD4B-3C51-B00C-A419EE401310}.Debug|Win32.Build.0 = Debug|Win32
		{AFEDF1C8-BD4B-3C51-B00C-A419EE401310}.Release|Win32.ActiveCfg = Release|Win32
		{AFEDF1C8-BD4B-3C51-B00C-A419EE401310}.Release|Win32.Build.0 = Release|Win32
		{AFEDF1C8-BD4B-3C51-B00C-A419EE401310}.MinSizeRel|Win32.ActiveCfg = MinSizeRel|Win32
		{AFEDF1C8-BD4B-3C51-B00C-A419EE401310}.MinSizeRel|Win32.Build.0 = MinSizeRel|Win32
		{AFEDF1C8-BD4B-3C51-B00C-A419EE401310}.RelWithDebInfo|Win32.ActiveCfg = RelWithDebInfo|Win32
		{AFEDF1C8-BD4B-3C51-B00C-A419EE401310}.RelWithDebInfo|Win32.Build.0 = RelWithDebInfo|Win32
		{5100218B-5B87-3C59-A083-6F27E2AF9644}.Debug|Win32.ActiveCfg = Debug|Win32
		{5100218B-5B87-3C59-A083-6F27E2AF9644}.Debug|Win32.Build.0 = Debug|Win32
		{5100218B-5B87-3C59-A083-6F27E2AF9644}.Release|Win32.ActiveCfg = Release|Win32
		{5100218B-5B87-3C59-A083-6F27E2AF9644}.Release|Win32.Build.0 = Release|Win32
		{5100218B-5B87-3C59-A083-6F27E2AF9644}.MinSizeRel|Win32.ActiveCfg = MinSizeRel|Win32
		{5100218B-5B87-3C59-A083-6F27E2AF9644}.MinSizeRel|Win32.Build.0 = MinSizeRel|Win32
		{5100218B-5B87-3C59-A083-6F27E2AF9644}.RelWithDebInfo|Win32.ActiveCfg = RelWithDebInfo|Win32
		{5100218B-5B87-3C59-A083-6F27E2AF9644}.RelWithDebInfo|Win32.Build.0 = RelWithDebInfo|Win32
		{023488CE-93F4-38B4-9055-61B8DE6544EB}.Debug|Win32.ActiveCfg = Debug|Win32
		{023488CE-93F4-38B4-9055-61B8DE6544EB}.Debug|Win32.Build.0 = Debug|Win32
		{023488CE-93F4-38B4-9055-61B8DE6544EB}.Release|Win32.ActiveCfg = Release|Win32
		{023488CE-93F4-38B4-9055-61B8DE6544EB}.Release|Win32.Build.0 = Release|Win32
		{023488CE-93F4-38B4-9055-61B8DE6544EB}.MinSizeRel|Win32.ActiveCfg = MinSizeRel|Win32
		{023488CE-93F4-38B4-9055-61B8DE6544EB}.MinSizeRel|Win32.Build.0 = MinSizeRel|Win32
		{023488CE-93F4-38B4-9055-61B8DE6544EB}.RelWithDebInfo|Win32.ActiveCfg = RelWithDebInfo|Win32
		{023488CE-93F4-38B4-9055-61B8DE6544EB}.RelWithDebInfo|Win32.Build.0 = RelWithDebInfo|Win32
		{7D45E879-9670-388E-905A-D22B20497241}.Debug|Win32.ActiveCfg = Debug|Win32
		{7D45E879-9670-388E-905A-D22B20497241}.Debug|Win32.Build.0 = Debug|Win32
		{7D45E879-9670-388E-905A-D22B20497241}.Release|Win32.ActiveCfg = Release|Win32
		{7D45E879-9670-388E-905A-D22B20497241}.Release|Win32.Build.0 = Release|Win32
		{7D45E879-9670-388E-905A-D22B20497241}.MinSizeRel|Win32.ActiveCfg = MinSizeRel|Win32
		{7D45E879-9670-388E-905A-D22B20497241}.MinSizeRel|Win32.Build.0 = MinSizeRel|Win32
		{7D45E879-9670-388E-905A-D22B20497241}.RelWithDebInfo|Win32.ActiveCfg = RelWithDebInfo|Win32
		{7D45E879-9670-388E-905A-D22B20497241}.RelWithDebInfo|Win32.Build.0 = RelWithDebInfo|Win32
		{B88E7904-C58E-308F-9C49-3F63BC8F2558}.Debug|Win32.ActiveCfg = Debug|Win32
		{B88E7904-C58E-308F-9C49-3F63BC8F2558}.Debug|Win32.Build.0 = Debug|Win32
		{B88E7904-C58E-308F-9C49-3F63BC8F2558}.Release|Win32.ActiveCfg = Release|Win32
		{B88E7904-C58E-308F-9C49-3F63BC8F2558}.Release|Win32.Build.0 = Release|Win32
		{B88E7904-C58E-308F-9C49-3F63BC8F2558}.MinSizeRel|Win32.ActiveCfg = MinSizeRel|Win32
		{B88E7904-C58E-308F-9C49-3F63BC8F2558}.MinSizeRel|Win32.Build.0 = MinSizeRel|Win32
		{B88E7904-C58E-308F-9C49-3F63BC8F2558}.RelWithDebInfo|Win32.ActiveCfg = RelWithDebInfo|Win32
		{B88E7904-C58E-308F-9C49-3F63BC8F2558}.RelWithDebInfo|Win32.Build.0 = RelWithDebInfo|Win32
		{C835BCA9-4AEB-3758-A60F-EC5E4EC1CB6C}.Debug|Win32.ActiveCfg = Debug|Win32
		{C835BCA9-4AEB-3758-A60F-EC5E4EC1CB6C}.Debug|Win32.Build.0 = Debug|Win32
		{C835BCA9-4AEB-3758-A60F-EC5E4EC1CB6C}.Release|Win32.ActiveCfg = Release|Win32
		{C835BCA9-4AEB-3758-A60F-EC5E4EC1CB6C}.Release|Win32.Build.0 = Release|Win32
		{C835BCA9-4AEB-3758-A60F-EC5E4EC1CB6C}.MinSizeRel|Win32.ActiveCfg = MinSizeRel|Win32
		{C835BCA9-4AEB-3758-A60F-EC5E4EC1CB6C}.MinSizeRel|Win32.Build.0 = MinSizeRel|Win32
		{C835BCA9-4AEB-3758-A60F-EC5E4EC1CB6C}.RelWithDebInfo|Win32.ActiveCfg = RelWithDebInfo|Win32
		{C835BCA9-4AEB-3758-A60F-EC5E4EC1CB6C}.RelWithDebInfo|Win32.Build.0 = RelWithDebInfo|Win32
		{00526CA0-51B7-352B-82B0-17F1F6491BD7}.Debug|Win32.ActiveCfg = Debug|Win32
		{00526CA0-51B7-352B-82B0-17F1F6491BD7}.Debug|Win32.Build.0 = Debug|Win32
		{00526CA0-51B7-352B-82B0-17F1F6491BD7}.Release|Win32.ActiveCfg = Release|Win32
		{00526CA0-51B7-352B-82B0-17F1F6491BD7}.Release|Win32.Build.0 = Release|Win32
		{00526CA0-51B7-352B-82B0-17F1F6491BD7}.MinSizeRel|Win32.ActiveCfg = MinSizeRel|Win32
		{00526CA0-51B7-352B-82B0-17F1F6491BD7}.MinSizeRel|Win32.Build.0 = MinSizeRel|Win32
		{00526CA0-51B7-352B-82B0-17F1F6491BD7}.RelWithDebInfo|Win32.ActiveCfg = RelWithDebInfo|Win32
		{00526CA0-51B7-352B-82B0-17F1F6491BD7}.RelWithDebInfo|Win32.Build.0 = RelWithDebInfo|Win32
		{FF44E41A-5E99-3118-92E6-4ADFB754EE98}.Debug|Win32.ActiveCfg = Debug|Win32
		{FF44E41A-5E99-3118-92E6-4ADFB754EE98}.Debug|Win32.Build.0 = Debug|Win32
		{FF44E41A-5E99-3118-92E6-4ADFB754EE98}.Release|Win32.ActiveCfg = Release|Win32
		{FF44E41A-5E99-3118-92E6-4ADFB754EE98}.Release|Win32.Build.0 = Release|Win32
		{FF44E41A-5E99-3118-92E6-4ADFB754EE98}.MinSizeRel|Win32.ActiveCfg = MinSizeRel|Win32
		{FF44E41A-5E99-3118-92E6-4ADFB754EE98}.MinSizeRel|Win32.Build.0 = MinSizeRel|Win32
		{FF44E41A-5E99-3118-92E6-4ADFB754EE98}.RelWithDebInfo|Win32.ActiveCfg = RelWithDebInfo|Win32
		{FF44E41A-5E99-3118-92E6-4ADFB754EE98}.RelWithDebInfo|Win32.Build.0 = RelWithDebInfo|Win32
		{ACBAE794-984C-3AD2-9DEF-8DCD39D3B0AE}.Debug|Win32.ActiveCfg = Debug|Win32
		{ACBAE794-984C-3AD2-9DEF-8DCD39D3B0AE}.Debug|Win32.Build.0 = Debug|Win32
		{ACBAE794-984C-3AD2-9DEF-8DCD39D3B0AE}.Release|Win32.ActiveCfg = Release|Win32
		{ACBAE794-984C-3AD2-9DEF-8DCD39D3B0AE}.Release|Win32.Build.0 = Release|Win32
		{ACBAE794-984C-3AD2-9DEF-8DCD39D3B0AE}.MinSizeRel|Win32.ActiveCfg = MinSizeRel|Win32
		{ACBAE794-984C-3AD2-9DEF-8DCD39D3B0AE}.MinSizeRel|Win32.Build.0 = MinSizeRel|Win32
		{ACBAE794-984C-3AD2-9DEF-8DCD39D3B0AE}.RelWithDebInfo|Win32.ActiveCfg = RelWithDebInfo|Win32
		{ACBAE794-984C-3AD2-9DEF-8DCD39D3B0AE}.RelWithDebInfo|Win32.Build.0 = RelWithDebInfo|Win32
	EndGlobalSection
	GlobalSection(ExtensibilityGlobals) = postSolution
		SolutionGuid = {DB36DF02-7FE0-3387-B62F-7A024A342708}
	EndGlobalSection
	GlobalSection(ExtensibilityAddIns) = postSolution
	EndGlobalSection
EndGlobal
